// !$*UTF8*$!
{
	archiveVersion = 1;
	classes = {
	};
	objectVersion = 50;
	objects = {

/* Begin PBXBuildFile section */
		0CEC9DDD24EC45E700B5944C /* AppDelegate.swift in Sources */ = {isa = PBXBuildFile; fileRef = 0CEC9DDC24EC45E700B5944C /* AppDelegate.swift */; };
		0CEC9DDF24EC45E700B5944C /* SceneDelegate.swift in Sources */ = {isa = PBXBuildFile; fileRef = 0CEC9DDE24EC45E700B5944C /* SceneDelegate.swift */; };
		0CEC9DE124EC45E700B5944C /* LoginViewController.swift in Sources */ = {isa = PBXBuildFile; fileRef = 0CEC9DE024EC45E700B5944C /* LoginViewController.swift */; };
		0CEC9DE424EC45E700B5944C /* Main.storyboard in Resources */ = {isa = PBXBuildFile; fileRef = 0CEC9DE224EC45E700B5944C /* Main.storyboard */; };
		0CEC9DE624EC45E900B5944C /* Assets.xcassets in Resources */ = {isa = PBXBuildFile; fileRef = 0CEC9DE524EC45E900B5944C /* Assets.xcassets */; };
		0CEC9DE924EC45E900B5944C /* LaunchScreen.storyboard in Resources */ = {isa = PBXBuildFile; fileRef = 0CEC9DE724EC45E900B5944C /* LaunchScreen.storyboard */; };
		0CEC9DF424EC45E900B5944C /* TraxyAppTests.swift in Sources */ = {isa = PBXBuildFile; fileRef = 0CEC9DF324EC45E900B5944C /* TraxyAppTests.swift */; };
		0CEC9DFF24EC45E900B5944C /* TraxyAppUITests.swift in Sources */ = {isa = PBXBuildFile; fileRef = 0CEC9DFE24EC45E900B5944C /* TraxyAppUITests.swift */; };
		0CEC9E1024EC618A00B5944C /* Localizable.strings in Resources */ = {isa = PBXBuildFile; fileRef = 0CEC9E1224EC618A00B5944C /* Localizable.strings */; };
		0CEC9E1724EDE0B700B5944C /* MainViewController.swift in Sources */ = {isa = PBXBuildFile; fileRef = 0CEC9E1624EDE0B700B5944C /* MainViewController.swift */; };
		0CEC9E1924EDE54E00B5944C /* SignUpViewController.swift in Sources */ = {isa = PBXBuildFile; fileRef = 0CEC9E1824EDE54E00B5944C /* SignUpViewController.swift */; };
		0CEC9E1B24EEC70300B5944C /* UIViewController+Validation.swift in Sources */ = {isa = PBXBuildFile; fileRef = 0CEC9E1A24EEC70200B5944C /* UIViewController+Validation.swift */; };
		9E9104D3251F84FC009BDD4D /* TraxyBaseViewController.swift in Sources */ = {isa = PBXBuildFile; fileRef = 9E9104D2251F84FC009BDD4D /* TraxyBaseViewController.swift */; };
		9E9104D8251F88BF009BDD4D /* TraxyLoginLabel.swift in Sources */ = {isa = PBXBuildFile; fileRef = 9E9104D7251F88BF009BDD4D /* TraxyLoginLabel.swift */; };
		9E9104DD251F88EC009BDD4D /* TraxyLoginButton.swift in Sources */ = {isa = PBXBuildFile; fileRef = 9E9104DC251F88EC009BDD4D /* TraxyLoginButton.swift */; };
		9E9104E2251F8925009BDD4D /* TraxyLoginTextField.swift in Sources */ = {isa = PBXBuildFile; fileRef = 9E9104E1251F8925009BDD4D /* TraxyLoginTextField.swift */; };
/* End PBXBuildFile section */

/* Begin PBXContainerItemProxy section */
		0CEC9DF024EC45E900B5944C /* PBXContainerItemProxy */ = {
			isa = PBXContainerItemProxy;
			containerPortal = 0CEC9DD124EC45E700B5944C /* Project object */;
			proxyType = 1;
			remoteGlobalIDString = 0CEC9DD824EC45E700B5944C;
			remoteInfo = TraxyApp;
		};
		0CEC9DFB24EC45E900B5944C /* PBXContainerItemProxy */ = {
			isa = PBXContainerItemProxy;
			containerPortal = 0CEC9DD124EC45E700B5944C /* Project object */;
			proxyType = 1;
			remoteGlobalIDString = 0CEC9DD824EC45E700B5944C;
			remoteInfo = TraxyApp;
		};
/* End PBXContainerItemProxy section */

/* Begin PBXFileReference section */
		0CEC9DD924EC45E700B5944C /* TraxyApp.app */ = {isa = PBXFileReference; explicitFileType = wrapper.application; includeInIndex = 0; path = TraxyApp.app; sourceTree = BUILT_PRODUCTS_DIR; };
		0CEC9DDC24EC45E700B5944C /* AppDelegate.swift */ = {isa = PBXFileReference; lastKnownFileType = sourcecode.swift; path = AppDelegate.swift; sourceTree = "<group>"; };
		0CEC9DDE24EC45E700B5944C /* SceneDelegate.swift */ = {isa = PBXFileReference; lastKnownFileType = sourcecode.swift; path = SceneDelegate.swift; sourceTree = "<group>"; };
		0CEC9DE024EC45E700B5944C /* LoginViewController.swift */ = {isa = PBXFileReference; lastKnownFileType = sourcecode.swift; path = LoginViewController.swift; sourceTree = "<group>"; };
		0CEC9DE324EC45E700B5944C /* Base */ = {isa = PBXFileReference; lastKnownFileType = file.storyboard; name = Base; path = Base.lproj/Main.storyboard; sourceTree = "<group>"; };
		0CEC9DE524EC45E900B5944C /* Assets.xcassets */ = {isa = PBXFileReference; lastKnownFileType = folder.assetcatalog; path = Assets.xcassets; sourceTree = "<group>"; };
		0CEC9DE824EC45E900B5944C /* Base */ = {isa = PBXFileReference; lastKnownFileType = file.storyboard; name = Base; path = Base.lproj/LaunchScreen.storyboard; sourceTree = "<group>"; };
		0CEC9DEA24EC45E900B5944C /* Info.plist */ = {isa = PBXFileReference; lastKnownFileType = text.plist.xml; path = Info.plist; sourceTree = "<group>"; };
		0CEC9DEF24EC45E900B5944C /* TraxyAppTests.xctest */ = {isa = PBXFileReference; explicitFileType = wrapper.cfbundle; includeInIndex = 0; path = TraxyAppTests.xctest; sourceTree = BUILT_PRODUCTS_DIR; };
		0CEC9DF324EC45E900B5944C /* TraxyAppTests.swift */ = {isa = PBXFileReference; lastKnownFileType = sourcecode.swift; path = TraxyAppTests.swift; sourceTree = "<group>"; };
		0CEC9DF524EC45E900B5944C /* Info.plist */ = {isa = PBXFileReference; lastKnownFileType = text.plist.xml; path = Info.plist; sourceTree = "<group>"; };
		0CEC9DFA24EC45E900B5944C /* TraxyAppUITests.xctest */ = {isa = PBXFileReference; explicitFileType = wrapper.cfbundle; includeInIndex = 0; path = TraxyAppUITests.xctest; sourceTree = BUILT_PRODUCTS_DIR; };
		0CEC9DFE24EC45E900B5944C /* TraxyAppUITests.swift */ = {isa = PBXFileReference; lastKnownFileType = sourcecode.swift; path = TraxyAppUITests.swift; sourceTree = "<group>"; };
		0CEC9E0024EC45E900B5944C /* Info.plist */ = {isa = PBXFileReference; lastKnownFileType = text.plist.xml; path = Info.plist; sourceTree = "<group>"; };
		0CEC9E0C24EC555100B5944C /* nl */ = {isa = PBXFileReference; lastKnownFileType = text.plist.strings; name = nl; path = nl.lproj/Main.strings; sourceTree = "<group>"; };
		0CEC9E0D24EC555100B5944C /* nl */ = {isa = PBXFileReference; lastKnownFileType = text.plist.strings; name = nl; path = nl.lproj/LaunchScreen.strings; sourceTree = "<group>"; };
		0CEC9E1124EC618A00B5944C /* nl */ = {isa = PBXFileReference; lastKnownFileType = text.plist.strings; name = nl; path = nl.lproj/Localizable.strings; sourceTree = "<group>"; };
		0CEC9E1324EC619400B5944C /* en */ = {isa = PBXFileReference; lastKnownFileType = text.plist.strings; name = en; path = en.lproj/Localizable.strings; sourceTree = "<group>"; };
		0CEC9E1624EDE0B700B5944C /* MainViewController.swift */ = {isa = PBXFileReference; lastKnownFileType = sourcecode.swift; path = MainViewController.swift; sourceTree = "<group>"; };
		0CEC9E1824EDE54E00B5944C /* SignUpViewController.swift */ = {isa = PBXFileReference; lastKnownFileType = sourcecode.swift; path = SignUpViewController.swift; sourceTree = "<group>"; };
		0CEC9E1A24EEC70200B5944C /* UIViewController+Validation.swift */ = {isa = PBXFileReference; lastKnownFileType = sourcecode.swift; path = "UIViewController+Validation.swift"; sourceTree = "<group>"; };
		9E9104D2251F84FC009BDD4D /* TraxyBaseViewController.swift */ = {isa = PBXFileReference; lastKnownFileType = sourcecode.swift; path = TraxyBaseViewController.swift; sourceTree = "<group>"; };
		9E9104D7251F88BF009BDD4D /* TraxyLoginLabel.swift */ = {isa = PBXFileReference; lastKnownFileType = sourcecode.swift; path = TraxyLoginLabel.swift; sourceTree = "<group>"; };
		9E9104DC251F88EC009BDD4D /* TraxyLoginButton.swift */ = {isa = PBXFileReference; lastKnownFileType = sourcecode.swift; path = TraxyLoginButton.swift; sourceTree = "<group>"; };
		9E9104E1251F8925009BDD4D /* TraxyLoginTextField.swift */ = {isa = PBXFileReference; lastKnownFileType = sourcecode.swift; path = TraxyLoginTextField.swift; sourceTree = "<group>"; };
/* End PBXFileReference section */

/* Begin PBXFrameworksBuildPhase section */
		0CEC9DD624EC45E700B5944C /* Frameworks */ = {
			isa = PBXFrameworksBuildPhase;
			buildActionMask = 2147483647;
			files = (
			);
			runOnlyForDeploymentPostprocessing = 0;
		};
		0CEC9DEC24EC45E900B5944C /* Frameworks */ = {
			isa = PBXFrameworksBuildPhase;
			buildActionMask = 2147483647;
			files = (
			);
			runOnlyForDeploymentPostprocessing = 0;
		};
		0CEC9DF724EC45E900B5944C /* Frameworks */ = {
			isa = PBXFrameworksBuildPhase;
			buildActionMask = 2147483647;
			files = (
			);
			runOnlyForDeploymentPostprocessing = 0;
		};
/* End PBXFrameworksBuildPhase section */

/* Begin PBXGroup section */
		0CEC9DD024EC45E700B5944C = {
			isa = PBXGroup;
			children = (
				0CEC9DDB24EC45E700B5944C /* TraxyApp */,
				0CEC9DF224EC45E900B5944C /* TraxyAppTests */,
				0CEC9DFD24EC45E900B5944C /* TraxyAppUITests */,
				0CEC9DDA24EC45E700B5944C /* Products */,
			);
			sourceTree = "<group>";
		};
		0CEC9DDA24EC45E700B5944C /* Products */ = {
			isa = PBXGroup;
			children = (
				0CEC9DD924EC45E700B5944C /* TraxyApp.app */,
				0CEC9DEF24EC45E900B5944C /* TraxyAppTests.xctest */,
				0CEC9DFA24EC45E900B5944C /* TraxyAppUITests.xctest */,
			);
			name = Products;
			sourceTree = "<group>";
		};
		0CEC9DDB24EC45E700B5944C /* TraxyApp */ = {
			isa = PBXGroup;
			children = (
				0CEC9E1624EDE0B700B5944C /* MainViewController.swift */,
				0CEC9DE024EC45E700B5944C /* LoginViewController.swift */,
				0CEC9E1824EDE54E00B5944C /* SignUpViewController.swift */,
				0CEC9E1A24EEC70200B5944C /* UIViewController+Validation.swift */,
				0CEC9DE224EC45E700B5944C /* Main.storyboard */,
				9E9104D7251F88BF009BDD4D /* TraxyLoginLabel.swift */,
				9E9104DC251F88EC009BDD4D /* TraxyLoginButton.swift */,
				9E9104E1251F8925009BDD4D /* TraxyLoginTextField.swift */,
				0CEC9E1224EC618A00B5944C /* Localizable.strings */,
				0CEC9DDC24EC45E700B5944C /* AppDelegate.swift */,
				0CEC9DDE24EC45E700B5944C /* SceneDelegate.swift */,
				0CEC9DE524EC45E900B5944C /* Assets.xcassets */,
				0CEC9DE724EC45E900B5944C /* LaunchScreen.storyboard */,
				0CEC9DEA24EC45E900B5944C /* Info.plist */,
				9E9104D2251F84FC009BDD4D /* TraxyBaseViewController.swift */,
			);
			path = TraxyApp;
			sourceTree = "<group>";
		};
		0CEC9DF224EC45E900B5944C /* TraxyAppTests */ = {
			isa = PBXGroup;
			children = (
				0CEC9DF324EC45E900B5944C /* TraxyAppTests.swift */,
				0CEC9DF524EC45E900B5944C /* Info.plist */,
			);
			path = TraxyAppTests;
			sourceTree = "<group>";
		};
		0CEC9DFD24EC45E900B5944C /* TraxyAppUITests */ = {
			isa = PBXGroup;
			children = (
				0CEC9DFE24EC45E900B5944C /* TraxyAppUITests.swift */,
				0CEC9E0024EC45E900B5944C /* Info.plist */,
			);
			path = TraxyAppUITests;
			sourceTree = "<group>";
		};
/* End PBXGroup section */

/* Begin PBXNativeTarget section */
		0CEC9DD824EC45E700B5944C /* TraxyApp */ = {
			isa = PBXNativeTarget;
			buildConfigurationList = 0CEC9E0324EC45E900B5944C /* Build configuration list for PBXNativeTarget "TraxyApp" */;
			buildPhases = (
				0CEC9DD524EC45E700B5944C /* Sources */,
				0CEC9DD624EC45E700B5944C /* Frameworks */,
				0CEC9DD724EC45E700B5944C /* Resources */,
			);
			buildRules = (
			);
			dependencies = (
			);
			name = TraxyApp;
			productName = TraxyApp;
			productReference = 0CEC9DD924EC45E700B5944C /* TraxyApp.app */;
			productType = "com.apple.product-type.application";
		};
		0CEC9DEE24EC45E900B5944C /* TraxyAppTests */ = {
			isa = PBXNativeTarget;
			buildConfigurationList = 0CEC9E0624EC45E900B5944C /* Build configuration list for PBXNativeTarget "TraxyAppTests" */;
			buildPhases = (
				0CEC9DEB24EC45E900B5944C /* Sources */,
				0CEC9DEC24EC45E900B5944C /* Frameworks */,
				0CEC9DED24EC45E900B5944C /* Resources */,
			);
			buildRules = (
			);
			dependencies = (
				0CEC9DF124EC45E900B5944C /* PBXTargetDependency */,
			);
			name = TraxyAppTests;
			productName = TraxyAppTests;
			productReference = 0CEC9DEF24EC45E900B5944C /* TraxyAppTests.xctest */;
			productType = "com.apple.product-type.bundle.unit-test";
		};
		0CEC9DF924EC45E900B5944C /* TraxyAppUITests */ = {
			isa = PBXNativeTarget;
			buildConfigurationList = 0CEC9E0924EC45E900B5944C /* Build configuration list for PBXNativeTarget "TraxyAppUITests" */;
			buildPhases = (
				0CEC9DF624EC45E900B5944C /* Sources */,
				0CEC9DF724EC45E900B5944C /* Frameworks */,
				0CEC9DF824EC45E900B5944C /* Resources */,
			);
			buildRules = (
			);
			dependencies = (
				0CEC9DFC24EC45E900B5944C /* PBXTargetDependency */,
			);
			name = TraxyAppUITests;
			productName = TraxyAppUITests;
			productReference = 0CEC9DFA24EC45E900B5944C /* TraxyAppUITests.xctest */;
			productType = "com.apple.product-type.bundle.ui-testing";
		};
/* End PBXNativeTarget section */

/* Begin PBXProject section */
		0CEC9DD124EC45E700B5944C /* Project object */ = {
			isa = PBXProject;
			attributes = {
				LastSwiftUpdateCheck = 1160;
				LastUpgradeCheck = 1160;
				ORGANIZATIONNAME = "Jonathan Engelsma";
				TargetAttributes = {
					0CEC9DD824EC45E700B5944C = {
						CreatedOnToolsVersion = 11.6;
					};
					0CEC9DEE24EC45E900B5944C = {
						CreatedOnToolsVersion = 11.6;
						TestTargetID = 0CEC9DD824EC45E700B5944C;
					};
					0CEC9DF924EC45E900B5944C = {
						CreatedOnToolsVersion = 11.6;
						TestTargetID = 0CEC9DD824EC45E700B5944C;
					};
				};
			};
			buildConfigurationList = 0CEC9DD424EC45E700B5944C /* Build configuration list for PBXProject "TraxyApp" */;
			compatibilityVersion = "Xcode 9.3";
			developmentRegion = en;
			hasScannedForEncodings = 0;
			knownRegions = (
				en,
				Base,
				nl,
			);
			mainGroup = 0CEC9DD024EC45E700B5944C;
			productRefGroup = 0CEC9DDA24EC45E700B5944C /* Products */;
			projectDirPath = "";
			projectRoot = "";
			targets = (
				0CEC9DD824EC45E700B5944C /* TraxyApp */,
				0CEC9DEE24EC45E900B5944C /* TraxyAppTests */,
				0CEC9DF924EC45E900B5944C /* TraxyAppUITests */,
			);
		};
/* End PBXProject section */

/* Begin PBXResourcesBuildPhase section */
		0CEC9DD724EC45E700B5944C /* Resources */ = {
			isa = PBXResourcesBuildPhase;
			buildActionMask = 2147483647;
			files = (
				0CEC9DE924EC45E900B5944C /* LaunchScreen.storyboard in Resources */,
				0CEC9E1024EC618A00B5944C /* Localizable.strings in Resources */,
				0CEC9DE624EC45E900B5944C /* Assets.xcassets in Resources */,
				0CEC9DE424EC45E700B5944C /* Main.storyboard in Resources */,
			);
			runOnlyForDeploymentPostprocessing = 0;
		};
		0CEC9DED24EC45E900B5944C /* Resources */ = {
			isa = PBXResourcesBuildPhase;
			buildActionMask = 2147483647;
			files = (
			);
			runOnlyForDeploymentPostprocessing = 0;
		};
		0CEC9DF824EC45E900B5944C /* Resources */ = {
			isa = PBXResourcesBuildPhase;
			buildActionMask = 2147483647;
			files = (
			);
			runOnlyForDeploymentPostprocessing = 0;
		};
/* End PBXResourcesBuildPhase section */

/* Begin PBXSourcesBuildPhase section */
		0CEC9DD524EC45E700B5944C /* Sources */ = {
			isa = PBXSourcesBuildPhase;
			buildActionMask = 2147483647;
			files = (
				0CEC9DE124EC45E700B5944C /* LoginViewController.swift in Sources */,
				9E9104D8251F88BF009BDD4D /* TraxyLoginLabel.swift in Sources */,
				0CEC9DDD24EC45E700B5944C /* AppDelegate.swift in Sources */,
				0CEC9DDF24EC45E700B5944C /* SceneDelegate.swift in Sources */,
				9E9104E2251F8925009BDD4D /* TraxyLoginTextField.swift in Sources */,
				9E9104DD251F88EC009BDD4D /* TraxyLoginButton.swift in Sources */,
				0CEC9E1B24EEC70300B5944C /* UIViewController+Validation.swift in Sources */,
				0CEC9E1724EDE0B700B5944C /* MainViewController.swift in Sources */,
				0CEC9E1924EDE54E00B5944C /* SignUpViewController.swift in Sources */,
				9E9104D3251F84FC009BDD4D /* TraxyBaseViewController.swift in Sources */,
			);
			runOnlyForDeploymentPostprocessing = 0;
		};
		0CEC9DEB24EC45E900B5944C /* Sources */ = {
			isa = PBXSourcesBuildPhase;
			buildActionMask = 2147483647;
			files = (
				0CEC9DF424EC45E900B5944C /* TraxyAppTests.swift in Sources */,
			);
			runOnlyForDeploymentPostprocessing = 0;
		};
		0CEC9DF624EC45E900B5944C /* Sources */ = {
			isa = PBXSourcesBuildPhase;
			buildActionMask = 2147483647;
			files = (
				0CEC9DFF24EC45E900B5944C /* TraxyAppUITests.swift in Sources */,
			);
			runOnlyForDeploymentPostprocessing = 0;
		};
/* End PBXSourcesBuildPhase section */

/* Begin PBXTargetDependency section */
		0CEC9DF124EC45E900B5944C /* PBXTargetDependency */ = {
			isa = PBXTargetDependency;
			target = 0CEC9DD824EC45E700B5944C /* TraxyApp */;
			targetProxy = 0CEC9DF024EC45E900B5944C /* PBXContainerItemProxy */;
		};
		0CEC9DFC24EC45E900B5944C /* PBXTargetDependency */ = {
			isa = PBXTargetDependency;
			target = 0CEC9DD824EC45E700B5944C /* TraxyApp */;
			targetProxy = 0CEC9DFB24EC45E900B5944C /* PBXContainerItemProxy */;
		};
/* End PBXTargetDependency section */

/* Begin PBXVariantGroup section */
		0CEC9DE224EC45E700B5944C /* Main.storyboard */ = {
			isa = PBXVariantGroup;
			children = (
				0CEC9DE324EC45E700B5944C /* Base */,
				0CEC9E0C24EC555100B5944C /* nl */,
			);
			name = Main.storyboard;
			sourceTree = "<group>";
		};
		0CEC9DE724EC45E900B5944C /* LaunchScreen.storyboard */ = {
			isa = PBXVariantGroup;
			children = (
				0CEC9DE824EC45E900B5944C /* Base */,
				0CEC9E0D24EC555100B5944C /* nl */,
			);
			name = LaunchScreen.storyboard;
			sourceTree = "<group>";
		};
		0CEC9E1224EC618A00B5944C /* Localizable.strings */ = {
			isa = PBXVariantGroup;
			children = (
				0CEC9E1124EC618A00B5944C /* nl */,
				0CEC9E1324EC619400B5944C /* en */,
			);
			name = Localizable.strings;
			sourceTree = "<group>";
		};
/* End PBXVariantGroup section */

/* Begin XCBuildConfiguration section */
		0CEC9E0124EC45E900B5944C /* Debug */ = {
			isa = XCBuildConfiguration;
			buildSettings = {
				ALWAYS_SEARCH_USER_PATHS = NO;
				CLANG_ANALYZER_LOCALIZABILITY_NONLOCALIZED = YES;
				CLANG_ANALYZER_NONNULL = YES;
				CLANG_ANALYZER_NUMBER_OBJECT_CONVERSION = YES_AGGRESSIVE;
				CLANG_CXX_LANGUAGE_STANDARD = "gnu++14";
				CLANG_CXX_LIBRARY = "libc++";
				CLANG_ENABLE_MODULES = YES;
				CLANG_ENABLE_OBJC_ARC = YES;
				CLANG_ENABLE_OBJC_WEAK = YES;
				CLANG_WARN_BLOCK_CAPTURE_AUTORELEASING = YES;
				CLANG_WARN_BOOL_CONVERSION = YES;
				CLANG_WARN_COMMA = YES;
				CLANG_WARN_CONSTANT_CONVERSION = YES;
				CLANG_WARN_DEPRECATED_OBJC_IMPLEMENTATIONS = YES;
				CLANG_WARN_DIRECT_OBJC_ISA_USAGE = YES_ERROR;
				CLANG_WARN_DOCUMENTATION_COMMENTS = YES;
				CLANG_WARN_EMPTY_BODY = YES;
				CLANG_WARN_ENUM_CONVERSION = YES;
				CLANG_WARN_INFINITE_RECURSION = YES;
				CLANG_WARN_INT_CONVERSION = YES;
				CLANG_WARN_NON_LITERAL_NULL_CONVERSION = YES;
				CLANG_WARN_OBJC_IMPLICIT_RETAIN_SELF = YES;
				CLANG_WARN_OBJC_LITERAL_CONVERSION = YES;
				CLANG_WARN_OBJC_ROOT_CLASS = YES_ERROR;
				CLANG_WARN_RANGE_LOOP_ANALYSIS = YES;
				CLANG_WARN_STRICT_PROTOTYPES = YES;
				CLANG_WARN_SUSPICIOUS_MOVE = YES;
				CLANG_WARN_UNGUARDED_AVAILABILITY = YES_AGGRESSIVE;
				CLANG_WARN_UNREACHABLE_CODE = YES;
				CLANG_WARN__DUPLICATE_METHOD_MATCH = YES;
				COPY_PHASE_STRIP = NO;
				DEBUG_INFORMATION_FORMAT = dwarf;
				ENABLE_STRICT_OBJC_MSGSEND = YES;
				ENABLE_TESTABILITY = YES;
				GCC_C_LANGUAGE_STANDARD = gnu11;
				GCC_DYNAMIC_NO_PIC = NO;
				GCC_NO_COMMON_BLOCKS = YES;
				GCC_OPTIMIZATION_LEVEL = 0;
				GCC_PREPROCESSOR_DEFINITIONS = (
					"DEBUG=1",
					"$(inherited)",
				);
				GCC_WARN_64_TO_32_BIT_CONVERSION = YES;
				GCC_WARN_ABOUT_RETURN_TYPE = YES_ERROR;
				GCC_WARN_UNDECLARED_SELECTOR = YES;
				GCC_WARN_UNINITIALIZED_AUTOS = YES_AGGRESSIVE;
				GCC_WARN_UNUSED_FUNCTION = YES;
				GCC_WARN_UNUSED_VARIABLE = YES;
				IPHONEOS_DEPLOYMENT_TARGET = 13.6;
				MTL_ENABLE_DEBUG_INFO = INCLUDE_SOURCE;
				MTL_FAST_MATH = YES;
				ONLY_ACTIVE_ARCH = YES;
				SDKROOT = iphoneos;
				SWIFT_ACTIVE_COMPILATION_CONDITIONS = DEBUG;
				SWIFT_OPTIMIZATION_LEVEL = "-Onone";
			};
			name = Debug;
		};
		0CEC9E0224EC45E900B5944C /* Release */ = {
			isa = XCBuildConfiguration;
			buildSettings = {
				ALWAYS_SEARCH_USER_PATHS = NO;
				CLANG_ANALYZER_LOCALIZABILITY_NONLOCALIZED = YES;
				CLANG_ANALYZER_NONNULL = YES;
				CLANG_ANALYZER_NUMBER_OBJECT_CONVERSION = YES_AGGRESSIVE;
				CLANG_CXX_LANGUAGE_STANDARD = "gnu++14";
				CLANG_CXX_LIBRARY = "libc++";
				CLANG_ENABLE_MODULES = YES;
				CLANG_ENABLE_OBJC_ARC = YES;
				CLANG_ENABLE_OBJC_WEAK = YES;
				CLANG_WARN_BLOCK_CAPTURE_AUTORELEASING = YES;
				CLANG_WARN_BOOL_CONVERSION = YES;
				CLANG_WARN_COMMA = YES;
				CLANG_WARN_CONSTANT_CONVERSION = YES;
				CLANG_WARN_DEPRECATED_OBJC_IMPLEMENTATIONS = YES;
				CLANG_WARN_DIRECT_OBJC_ISA_USAGE = YES_ERROR;
				CLANG_WARN_DOCUMENTATION_COMMENTS = YES;
				CLANG_WARN_EMPTY_BODY = YES;
				CLANG_WARN_ENUM_CONVERSION = YES;
				CLANG_WARN_INFINITE_RECURSION = YES;
				CLANG_WARN_INT_CONVERSION = YES;
				CLANG_WARN_NON_LITERAL_NULL_CONVERSION = YES;
				CLANG_WARN_OBJC_IMPLICIT_RETAIN_SELF = YES;
				CLANG_WARN_OBJC_LITERAL_CONVERSION = YES;
				CLANG_WARN_OBJC_ROOT_CLASS = YES_ERROR;
				CLANG_WARN_RANGE_LOOP_ANALYSIS = YES;
				CLANG_WARN_STRICT_PROTOTYPES = YES;
				CLANG_WARN_SUSPICIOUS_MOVE = YES;
				CLANG_WARN_UNGUARDED_AVAILABILITY = YES_AGGRESSIVE;
				CLANG_WARN_UNREACHABLE_CODE = YES;
				CLANG_WARN__DUPLICATE_METHOD_MATCH = YES;
				COPY_PHASE_STRIP = NO;
				DEBUG_INFORMATION_FORMAT = "dwarf-with-dsym";
				ENABLE_NS_ASSERTIONS = NO;
				ENABLE_STRICT_OBJC_MSGSEND = YES;
				GCC_C_LANGUAGE_STANDARD = gnu11;
				GCC_NO_COMMON_BLOCKS = YES;
				GCC_WARN_64_TO_32_BIT_CONVERSION = YES;
				GCC_WARN_ABOUT_RETURN_TYPE = YES_ERROR;
				GCC_WARN_UNDECLARED_SELECTOR = YES;
				GCC_WARN_UNINITIALIZED_AUTOS = YES_AGGRESSIVE;
				GCC_WARN_UNUSED_FUNCTION = YES;
				GCC_WARN_UNUSED_VARIABLE = YES;
				IPHONEOS_DEPLOYMENT_TARGET = 13.6;
				MTL_ENABLE_DEBUG_INFO = NO;
				MTL_FAST_MATH = YES;
				SDKROOT = iphoneos;
				SWIFT_COMPILATION_MODE = wholemodule;
				SWIFT_OPTIMIZATION_LEVEL = "-O";
				VALIDATE_PRODUCT = YES;
			};
			name = Release;
		};
		0CEC9E0424EC45E900B5944C /* Debug */ = {
			isa = XCBuildConfiguration;
			buildSettings = {
				ASSETCATALOG_COMPILER_APPICON_NAME = AppIcon;
				CODE_SIGN_STYLE = Automatic;
				INFOPLIST_FILE = TraxyApp/Info.plist;
				LD_RUNPATH_SEARCH_PATHS = (
					"$(inherited)",
					"@executable_path/Frameworks",
				);
				PRODUCT_BUNDLE_IDENTIFIER = edu.gvsu.cis.TraxyApp;
				PRODUCT_NAME = "$(TARGET_NAME)";
				SWIFT_VERSION = 5.0;
				TARGETED_DEVICE_FAMILY = 1;
			};
			name = Debug;
		};
		0CEC9E0524EC45E900B5944C /* Release */ = {
			isa = XCBuildConfiguration;
			buildSettings = {
				ASSETCATALOG_COMPILER_APPICON_NAME = AppIcon;
				CODE_SIGN_STYLE = Automatic;
				INFOPLIST_FILE = TraxyApp/Info.plist;
				LD_RUNPATH_SEARCH_PATHS = (
					"$(inherited)",
					"@executable_path/Frameworks",
				);
				PRODUCT_BUNDLE_IDENTIFIER = edu.gvsu.cis.TraxyApp;
				PRODUCT_NAME = "$(TARGET_NAME)";
				SWIFT_VERSION = 5.0;
				TARGETED_DEVICE_FAMILY = 1;
			};
			name = Release;
		};
		0CEC9E0724EC45E900B5944C /* Debug */ = {
			isa = XCBuildConfiguration;
			buildSettings = {
				ALWAYS_EMBED_SWIFT_STANDARD_LIBRARIES = YES;
				BUNDLE_LOADER = "$(TEST_HOST)";
				CODE_SIGN_STYLE = Automatic;
				INFOPLIST_FILE = TraxyAppTests/Info.plist;
				IPHONEOS_DEPLOYMENT_TARGET = 13.6;
				LD_RUNPATH_SEARCH_PATHS = (
					"$(inherited)",
					"@executable_path/Frameworks",
					"@loader_path/Frameworks",
				);
				PRODUCT_BUNDLE_IDENTIFIER = edu.gvsu.cis.TraxyAppTests;
				PRODUCT_NAME = "$(TARGET_NAME)";
				SWIFT_VERSION = 5.0;
				TARGETED_DEVICE_FAMILY = "1,2";
				TEST_HOST = "$(BUILT_PRODUCTS_DIR)/TraxyApp.app/TraxyApp";
			};
			name = Debug;
		};
		0CEC9E0824EC45E900B5944C /* Release */ = {
			isa = XCBuildConfiguration;
			buildSettings = {
				ALWAYS_EMBED_SWIFT_STANDARD_LIBRARIES = YES;
				BUNDLE_LOADER = "$(TEST_HOST)";
				CODE_SIGN_STYLE = Automatic;
				INFOPLIST_FILE = TraxyAppTests/Info.plist;
				IPHONEOS_DEPLOYMENT_TARGET = 13.6;
				LD_RUNPATH_SEARCH_PATHS = (
					"$(inherited)",
					"@executable_path/Frameworks",
					"@loader_path/Frameworks",
				);
				PRODUCT_BUNDLE_IDENTIFIER = edu.gvsu.cis.TraxyAppTests;
				PRODUCT_NAME = "$(TARGET_NAME)";
				SWIFT_VERSION = 5.0;
				TARGETED_DEVICE_FAMILY = "1,2";
				TEST_HOST = "$(BUILT_PRODUCTS_DIR)/TraxyApp.app/TraxyApp";
			};
			name = Release;
		};
		0CEC9E0A24EC45E900B5944C /* Debug */ = {
			isa = XCBuildConfiguration;
			buildSettings = {
				ALWAYS_EMBED_SWIFT_STANDARD_LIBRARIES = YES;
				CODE_SIGN_STYLE = Automatic;
				INFOPLIST_FILE = TraxyAppUITests/Info.plist;
				LD_RUNPATH_SEARCH_PATHS = (
					"$(inherited)",
					"@executable_path/Frameworks",
					"@loader_path/Frameworks",
				);
				PRODUCT_BUNDLE_IDENTIFIER = edu.gvsu.cis.TraxyAppUITests;
				PRODUCT_NAME = "$(TARGET_NAME)";
				SWIFT_VERSION = 5.0;
				TARGETED_DEVICE_FAMILY = "1,2";
				TEST_TARGET_NAME = TraxyApp;
			};
			name = Debug;
		};
		0CEC9E0B24EC45E900B5944C /* Release */ = {
			isa = XCBuildConfiguration;
			buildSettings = {
				ALWAYS_EMBED_SWIFT_STANDARD_LIBRARIES = YES;
				CODE_SIGN_STYLE = Automatic;
				INFOPLIST_FILE = TraxyAppUITests/Info.plist;
				LD_RUNPATH_SEARCH_PATHS = (
					"$(inherited)",
					"@executable_path/Frameworks",
					"@loader_path/Frameworks",
				);
				PRODUCT_BUNDLE_IDENTIFIER = edu.gvsu.cis.TraxyAppUITests;
				PRODUCT_NAME = "$(TARGET_NAME)";
				SWIFT_VERSION = 5.0;
				TARGETED_DEVICE_FAMILY = "1,2";
				TEST_TARGET_NAME = TraxyApp;
			};
			name = Release;
		};
/* End XCBuildConfiguration section */

/* Begin XCConfigurationList section */
		0CEC9DD424EC45E700B5944C /* Build configuration list for PBXProject "TraxyApp" */ = {
			isa = XCConfigurationList;
			buildConfigurations = (
				0CEC9E0124EC45E900B5944C /* Debug */,
				0CEC9E0224EC45E900B5944C /* Release */,
			);
			defaultConfigurationIsVisible = 0;
			defaultConfigurationName = Release;
		};
		0CEC9E0324EC45E900B5944C /* Build configuration list for PBXNativeTarget "TraxyApp" */ = {
			isa = XCConfigurationList;
			buildConfigurations = (
				0CEC9E0424EC45E900B5944C /* Debug */,
				0CEC9E0524EC45E900B5944C /* Release */,
			);
			defaultConfigurationIsVisible = 0;
			defaultConfigurationName = Release;
		};
		0CEC9E0624EC45E900B5944C /* Build configuration list for PBXNativeTarget "TraxyAppTests" */ = {
			isa = XCConfigurationList;
			buildConfigurations = (
				0CEC9E0724EC45E900B5944C /* Debug */,
				0CEC9E0824EC45E900B5944C /* Release */,
			);
			defaultConfigurationIsVisible = 0;
			defaultConfigurationName = Release;
		};
		0CEC9E0924EC45E900B5944C /* Build configuration list for PBXNativeTarget "TraxyAppUITests" */ = {
			isa = XCConfigurationList;
			buildConfigurations = (
				0CEC9E0A24EC45E900B5944C /* Debug */,
				0CEC9E0B24EC45E900B5944C /* Release */,
			);
			defaultConfigurationIsVisible = 0;
			defaultConfigurationName = Release;
		};
/* End XCConfigurationList section */
	};
	rootObject = 0CEC9DD124EC45E700B5944C /* Project object */;
}
