// !$*UTF8*$!
{
	archiveVersion = 1;
	classes = {
	};
	objectVersion = 51;
	objects = {

/* Begin PBXBuildFile section */
		0CEC9DDD24EC45E700B5944C /* AppDelegate.swift in Sources */ = {isa = PBXBuildFile; fileRef = 0CEC9DDC24EC45E700B5944C /* AppDelegate.swift */; };
		0CEC9DDF24EC45E700B5944C /* SceneDelegate.swift in Sources */ = {isa = PBXBuildFile; fileRef = 0CEC9DDE24EC45E700B5944C /* SceneDelegate.swift */; };
		0CEC9DE124EC45E700B5944C /* LoginViewController.swift in Sources */ = {isa = PBXBuildFile; fileRef = 0CEC9DE024EC45E700B5944C /* LoginViewController.swift */; };
		0CEC9DE424EC45E700B5944C /* Main.storyboard in Resources */ = {isa = PBXBuildFile; fileRef = 0CEC9DE224EC45E700B5944C /* Main.storyboard */; };
		0CEC9DE624EC45E900B5944C /* Assets.xcassets in Resources */ = {isa = PBXBuildFile; fileRef = 0CEC9DE524EC45E900B5944C /* Assets.xcassets */; };
		0CEC9DE924EC45E900B5944C /* LaunchScreen.storyboard in Resources */ = {isa = PBXBuildFile; fileRef = 0CEC9DE724EC45E900B5944C /* LaunchScreen.storyboard */; };
		0CEC9DF424EC45E900B5944C /* TraxyAppTests.swift in Sources */ = {isa = PBXBuildFile; fileRef = 0CEC9DF324EC45E900B5944C /* TraxyAppTests.swift */; };
		0CEC9DFF24EC45E900B5944C /* TraxyAppUITests.swift in Sources */ = {isa = PBXBuildFile; fileRef = 0CEC9DFE24EC45E900B5944C /* TraxyAppUITests.swift */; };
		0CEC9E1024EC618A00B5944C /* Localizable.strings in Resources */ = {isa = PBXBuildFile; fileRef = 0CEC9E1224EC618A00B5944C /* Localizable.strings */; };
		0CEC9E1724EDE0B700B5944C /* MainViewController.swift in Sources */ = {isa = PBXBuildFile; fileRef = 0CEC9E1624EDE0B700B5944C /* MainViewController.swift */; };
		0CEC9E1924EDE54E00B5944C /* SignUpViewController.swift in Sources */ = {isa = PBXBuildFile; fileRef = 0CEC9E1824EDE54E00B5944C /* SignUpViewController.swift */; };
		0CEC9E1B24EEC70300B5944C /* UIViewController+Validation.swift in Sources */ = {isa = PBXBuildFile; fileRef = 0CEC9E1A24EEC70200B5944C /* UIViewController+Validation.swift */; };
		231C80B8FA2B2364DD5656EC /* Pods_TraxyAppTests.framework in Frameworks */ = {isa = PBXBuildFile; fileRef = 70D131C165BF05FE59DC00F7 /* Pods_TraxyAppTests.framework */; };
		9E0E54552524ECA400A3E405 /* Journal.swift in Sources */ = {isa = PBXBuildFile; fileRef = 9E0E54542524ECA400A3E405 /* Journal.swift */; };
		9E0E545A2524ECD400A3E405 /* JournalModel.swift in Sources */ = {isa = PBXBuildFile; fileRef = 9E0E54592524ECD400A3E405 /* JournalModel.swift */; };
		9E0E546D2526429C00A3E405 /* TraxyMainTableViewCell.swift in Sources */ = {isa = PBXBuildFile; fileRef = 9E0E546C2526429C00A3E405 /* TraxyMainTableViewCell.swift */; };
		9E268F02252F663100631095 /* Date+ISO8601.swift in Sources */ = {isa = PBXBuildFile; fileRef = 9E268F01252F663100631095 /* Date+ISO8601.swift */; };
		9E38DD17259B9F4A001229D8 /* GoogleService-Info.plist in Resources */ = {isa = PBXBuildFile; fileRef = 9E38DD16259B9F4A001229D8 /* GoogleService-Info.plist */; };
		9E38DD1C259BA035001229D8 /* JournalTableViewController.swift in Sources */ = {isa = PBXBuildFile; fileRef = 9E38DD1B259BA035001229D8 /* JournalTableViewController.swift */; };
		9E38DD22259BB0F8001229D8 /* AVFoundation.framework in Frameworks */ = {isa = PBXBuildFile; fileRef = 9E38DD20259BB0F8001229D8 /* AVFoundation.framework */; };
		9E38DD23259BB0F8001229D8 /* AVKit.framework in Frameworks */ = {isa = PBXBuildFile; fileRef = 9E38DD21259BB0F8001229D8 /* AVKit.framework */; };
		9E38DD25259BB103001229D8 /* MobileCoreServices.framework in Frameworks */ = {isa = PBXBuildFile; fileRef = 9E38DD24259BB103001229D8 /* MobileCoreServices.framework */; };
		9E38DD44259BC0D4001229D8 /* JournalEntry.swift in Sources */ = {isa = PBXBuildFile; fileRef = 9E38DD43259BC0D4001229D8 /* JournalEntry.swift */; };
		9E38DD4C259BDA76001229D8 /* JournalEntryConfirmationViewController.swift in Sources */ = {isa = PBXBuildFile; fileRef = 9E38DD4B259BDA76001229D8 /* JournalEntryConfirmationViewController.swift */; };
		9E38DD6F259D088C001229D8 /* JournalEntryTableViewCell.swift in Sources */ = {isa = PBXBuildFile; fileRef = 9E38DD6E259D088C001229D8 /* JournalEntryTableViewCell.swift */; };
		9E38DD7F259D2DD4001229D8 /* CardView.swift in Sources */ = {isa = PBXBuildFile; fileRef = 9E38DD7E259D2DD4001229D8 /* CardView.swift */; };
		9E38DDB7259E6D7C001229D8 /* AudioViewController.swift in Sources */ = {isa = PBXBuildFile; fileRef = 9E38DDB6259E6D7C001229D8 /* AudioViewController.swift */; };
		9E9104D3251F84FC009BDD4D /* TraxyBaseViewController.swift in Sources */ = {isa = PBXBuildFile; fileRef = 9E9104D2251F84FC009BDD4D /* TraxyBaseViewController.swift */; };
		9E9104D8251F88BF009BDD4D /* TraxyLoginLabel.swift in Sources */ = {isa = PBXBuildFile; fileRef = 9E9104D7251F88BF009BDD4D /* TraxyLoginLabel.swift */; };
		9E9104DD251F88EC009BDD4D /* TraxyLoginButton.swift in Sources */ = {isa = PBXBuildFile; fileRef = 9E9104DC251F88EC009BDD4D /* TraxyLoginButton.swift */; };
		9E9104E2251F8925009BDD4D /* TraxyLoginTextField.swift in Sources */ = {isa = PBXBuildFile; fileRef = 9E9104E1251F8925009BDD4D /* TraxyLoginTextField.swift */; };
		9EC20E8025267DF300154EC5 /* AddJournalViewController.swift in Sources */ = {isa = PBXBuildFile; fileRef = 9EC20E7F25267DF300154EC5 /* AddJournalViewController.swift */; };
		9EC20E85252689B500154EC5 /* APIKeys.swift in Sources */ = {isa = PBXBuildFile; fileRef = 9EC20E84252689B500154EC5 /* APIKeys.swift */; };
		9EECF63625AA668600098B43 /* TraxyRespository.swift in Sources */ = {isa = PBXBuildFile; fileRef = 9EECF63525AA668600098B43 /* TraxyRespository.swift */; };
		B67B7251164BC2CCDD02DF08 /* Pods_TraxyApp.framework in Frameworks */ = {isa = PBXBuildFile; fileRef = A5EA4D044D8DA5DF936AF916 /* Pods_TraxyApp.framework */; };
		F7EC29EB572D7A3629220840 /* Pods_TraxyApp_TraxyAppUITests.framework in Frameworks */ = {isa = PBXBuildFile; fileRef = 3388D722B352630A02E2CCCC /* Pods_TraxyApp_TraxyAppUITests.framework */; };
/* End PBXBuildFile section */

/* Begin PBXContainerItemProxy section */
		0CEC9DF024EC45E900B5944C /* PBXContainerItemProxy */ = {
			isa = PBXContainerItemProxy;
			containerPortal = 0CEC9DD124EC45E700B5944C /* Project object */;
			proxyType = 1;
			remoteGlobalIDString = 0CEC9DD824EC45E700B5944C;
			remoteInfo = TraxyApp;
		};
		0CEC9DFB24EC45E900B5944C /* PBXContainerItemProxy */ = {
			isa = PBXContainerItemProxy;
			containerPortal = 0CEC9DD124EC45E700B5944C /* Project object */;
			proxyType = 1;
			remoteGlobalIDString = 0CEC9DD824EC45E700B5944C;
			remoteInfo = TraxyApp;
		};
/* End PBXContainerItemProxy section */

/* Begin PBXFileReference section */
		02832A9CE7BD2D424007BEF8 /* Pods-TraxyAppTests.debug.xcconfig */ = {isa = PBXFileReference; includeInIndex = 1; lastKnownFileType = text.xcconfig; name = "Pods-TraxyAppTests.debug.xcconfig"; path = "Target Support Files/Pods-TraxyAppTests/Pods-TraxyAppTests.debug.xcconfig"; sourceTree = "<group>"; };
		0CEC9DD924EC45E700B5944C /* TraxyApp.app */ = {isa = PBXFileReference; explicitFileType = wrapper.application; includeInIndex = 0; path = TraxyApp.app; sourceTree = BUILT_PRODUCTS_DIR; };
		0CEC9DDC24EC45E700B5944C /* AppDelegate.swift */ = {isa = PBXFileReference; lastKnownFileType = sourcecode.swift; path = AppDelegate.swift; sourceTree = "<group>"; };
		0CEC9DDE24EC45E700B5944C /* SceneDelegate.swift */ = {isa = PBXFileReference; lastKnownFileType = sourcecode.swift; path = SceneDelegate.swift; sourceTree = "<group>"; };
		0CEC9DE024EC45E700B5944C /* LoginViewController.swift */ = {isa = PBXFileReference; lastKnownFileType = sourcecode.swift; path = LoginViewController.swift; sourceTree = "<group>"; };
		0CEC9DE324EC45E700B5944C /* Base */ = {isa = PBXFileReference; lastKnownFileType = file.storyboard; name = Base; path = Base.lproj/Main.storyboard; sourceTree = "<group>"; };
		0CEC9DE524EC45E900B5944C /* Assets.xcassets */ = {isa = PBXFileReference; lastKnownFileType = folder.assetcatalog; path = Assets.xcassets; sourceTree = "<group>"; };
		0CEC9DE824EC45E900B5944C /* Base */ = {isa = PBXFileReference; lastKnownFileType = file.storyboard; name = Base; path = Base.lproj/LaunchScreen.storyboard; sourceTree = "<group>"; };
		0CEC9DEA24EC45E900B5944C /* Info.plist */ = {isa = PBXFileReference; lastKnownFileType = text.plist.xml; path = Info.plist; sourceTree = "<group>"; };
		0CEC9DEF24EC45E900B5944C /* TraxyAppTests.xctest */ = {isa = PBXFileReference; explicitFileType = wrapper.cfbundle; includeInIndex = 0; path = TraxyAppTests.xctest; sourceTree = BUILT_PRODUCTS_DIR; };
		0CEC9DF324EC45E900B5944C /* TraxyAppTests.swift */ = {isa = PBXFileReference; lastKnownFileType = sourcecode.swift; path = TraxyAppTests.swift; sourceTree = "<group>"; };
		0CEC9DF524EC45E900B5944C /* Info.plist */ = {isa = PBXFileReference; lastKnownFileType = text.plist.xml; path = Info.plist; sourceTree = "<group>"; };
		0CEC9DFA24EC45E900B5944C /* TraxyAppUITests.xctest */ = {isa = PBXFileReference; explicitFileType = wrapper.cfbundle; includeInIndex = 0; path = TraxyAppUITests.xctest; sourceTree = BUILT_PRODUCTS_DIR; };
		0CEC9DFE24EC45E900B5944C /* TraxyAppUITests.swift */ = {isa = PBXFileReference; lastKnownFileType = sourcecode.swift; path = TraxyAppUITests.swift; sourceTree = "<group>"; };
		0CEC9E0024EC45E900B5944C /* Info.plist */ = {isa = PBXFileReference; lastKnownFileType = text.plist.xml; path = Info.plist; sourceTree = "<group>"; };
		0CEC9E0C24EC555100B5944C /* nl */ = {isa = PBXFileReference; lastKnownFileType = text.plist.strings; name = nl; path = nl.lproj/Main.strings; sourceTree = "<group>"; };
		0CEC9E0D24EC555100B5944C /* nl */ = {isa = PBXFileReference; lastKnownFileType = text.plist.strings; name = nl; path = nl.lproj/LaunchScreen.strings; sourceTree = "<group>"; };
		0CEC9E1124EC618A00B5944C /* nl */ = {isa = PBXFileReference; lastKnownFileType = text.plist.strings; name = nl; path = nl.lproj/Localizable.strings; sourceTree = "<group>"; };
		0CEC9E1324EC619400B5944C /* en */ = {isa = PBXFileReference; lastKnownFileType = text.plist.strings; name = en; path = en.lproj/Localizable.strings; sourceTree = "<group>"; };
		0CEC9E1624EDE0B700B5944C /* MainViewController.swift */ = {isa = PBXFileReference; lastKnownFileType = sourcecode.swift; path = MainViewController.swift; sourceTree = "<group>"; };
		0CEC9E1824EDE54E00B5944C /* SignUpViewController.swift */ = {isa = PBXFileReference; lastKnownFileType = sourcecode.swift; path = SignUpViewController.swift; sourceTree = "<group>"; };
		0CEC9E1A24EEC70200B5944C /* UIViewController+Validation.swift */ = {isa = PBXFileReference; lastKnownFileType = sourcecode.swift; path = "UIViewController+Validation.swift"; sourceTree = "<group>"; };
		24208160B3337DFA763B312B /* Pods-TraxyApp.debug.xcconfig */ = {isa = PBXFileReference; includeInIndex = 1; lastKnownFileType = text.xcconfig; name = "Pods-TraxyApp.debug.xcconfig"; path = "Target Support Files/Pods-TraxyApp/Pods-TraxyApp.debug.xcconfig"; sourceTree = "<group>"; };
		3388D722B352630A02E2CCCC /* Pods_TraxyApp_TraxyAppUITests.framework */ = {isa = PBXFileReference; explicitFileType = wrapper.framework; includeInIndex = 0; path = Pods_TraxyApp_TraxyAppUITests.framework; sourceTree = BUILT_PRODUCTS_DIR; };
		70D131C165BF05FE59DC00F7 /* Pods_TraxyAppTests.framework */ = {isa = PBXFileReference; explicitFileType = wrapper.framework; includeInIndex = 0; path = Pods_TraxyAppTests.framework; sourceTree = BUILT_PRODUCTS_DIR; };
		9E0E54542524ECA400A3E405 /* Journal.swift */ = {isa = PBXFileReference; lastKnownFileType = sourcecode.swift; path = Journal.swift; sourceTree = "<group>"; };
		9E0E54592524ECD400A3E405 /* JournalModel.swift */ = {isa = PBXFileReference; lastKnownFileType = sourcecode.swift; path = JournalModel.swift; sourceTree = "<group>"; };
		9E0E546C2526429C00A3E405 /* TraxyMainTableViewCell.swift */ = {isa = PBXFileReference; lastKnownFileType = sourcecode.swift; path = TraxyMainTableViewCell.swift; sourceTree = "<group>"; };
		9E268F01252F663100631095 /* Date+ISO8601.swift */ = {isa = PBXFileReference; lastKnownFileType = sourcecode.swift; path = "Date+ISO8601.swift"; sourceTree = "<group>"; };
		9E38DD16259B9F4A001229D8 /* GoogleService-Info.plist */ = {isa = PBXFileReference; lastKnownFileType = text.plist; path = "GoogleService-Info.plist"; sourceTree = SOURCE_ROOT; };
		9E38DD1B259BA035001229D8 /* JournalTableViewController.swift */ = {isa = PBXFileReference; lastKnownFileType = sourcecode.swift; path = JournalTableViewController.swift; sourceTree = "<group>"; };
		9E38DD20259BB0F8001229D8 /* AVFoundation.framework */ = {isa = PBXFileReference; lastKnownFileType = wrapper.framework; name = AVFoundation.framework; path = System/Library/Frameworks/AVFoundation.framework; sourceTree = SDKROOT; };
		9E38DD21259BB0F8001229D8 /* AVKit.framework */ = {isa = PBXFileReference; lastKnownFileType = wrapper.framework; name = AVKit.framework; path = System/Library/Frameworks/AVKit.framework; sourceTree = SDKROOT; };
		9E38DD24259BB103001229D8 /* MobileCoreServices.framework */ = {isa = PBXFileReference; lastKnownFileType = wrapper.framework; name = MobileCoreServices.framework; path = System/Library/Frameworks/MobileCoreServices.framework; sourceTree = SDKROOT; };
		9E38DD43259BC0D4001229D8 /* JournalEntry.swift */ = {isa = PBXFileReference; lastKnownFileType = sourcecode.swift; path = JournalEntry.swift; sourceTree = "<group>"; };
		9E38DD4B259BDA76001229D8 /* JournalEntryConfirmationViewController.swift */ = {isa = PBXFileReference; lastKnownFileType = sourcecode.swift; path = JournalEntryConfirmationViewController.swift; sourceTree = "<group>"; };
		9E38DD6E259D088C001229D8 /* JournalEntryTableViewCell.swift */ = {isa = PBXFileReference; lastKnownFileType = sourcecode.swift; path = JournalEntryTableViewCell.swift; sourceTree = "<group>"; };
		9E38DD7E259D2DD4001229D8 /* CardView.swift */ = {isa = PBXFileReference; lastKnownFileType = sourcecode.swift; path = CardView.swift; sourceTree = "<group>"; };
		9E38DDB6259E6D7C001229D8 /* AudioViewController.swift */ = {isa = PBXFileReference; lastKnownFileType = sourcecode.swift; path = AudioViewController.swift; sourceTree = "<group>"; };
		9E9104D2251F84FC009BDD4D /* TraxyBaseViewController.swift */ = {isa = PBXFileReference; lastKnownFileType = sourcecode.swift; path = TraxyBaseViewController.swift; sourceTree = "<group>"; };
		9E9104D7251F88BF009BDD4D /* TraxyLoginLabel.swift */ = {isa = PBXFileReference; lastKnownFileType = sourcecode.swift; path = TraxyLoginLabel.swift; sourceTree = "<group>"; };
		9E9104DC251F88EC009BDD4D /* TraxyLoginButton.swift */ = {isa = PBXFileReference; lastKnownFileType = sourcecode.swift; path = TraxyLoginButton.swift; sourceTree = "<group>"; };
		9E9104E1251F8925009BDD4D /* TraxyLoginTextField.swift */ = {isa = PBXFileReference; lastKnownFileType = sourcecode.swift; path = TraxyLoginTextField.swift; sourceTree = "<group>"; };
		9EC20E7F25267DF300154EC5 /* AddJournalViewController.swift */ = {isa = PBXFileReference; lastKnownFileType = sourcecode.swift; path = AddJournalViewController.swift; sourceTree = "<group>"; };
		9EC20E84252689B500154EC5 /* APIKeys.swift */ = {isa = PBXFileReference; lastKnownFileType = sourcecode.swift; path = APIKeys.swift; sourceTree = "<group>"; };
		9EECF5FB25AA5CA300098B43 /* GoogleService-Info.plist */ = {isa = PBXFileReference; lastKnownFileType = text.plist; path = "GoogleService-Info.plist"; sourceTree = SOURCE_ROOT; };
		9EECF63525AA668600098B43 /* TraxyRespository.swift */ = {isa = PBXFileReference; fileEncoding = 4; lastKnownFileType = sourcecode.swift; path = TraxyRespository.swift; sourceTree = "<group>"; };
		A1922BE41E95E88709BD80E2 /* Pods-TraxyApp.release.xcconfig */ = {isa = PBXFileReference; includeInIndex = 1; lastKnownFileType = text.xcconfig; name = "Pods-TraxyApp.release.xcconfig"; path = "Target Support Files/Pods-TraxyApp/Pods-TraxyApp.release.xcconfig"; sourceTree = "<group>"; };
		A5EA4D044D8DA5DF936AF916 /* Pods_TraxyApp.framework */ = {isa = PBXFileReference; explicitFileType = wrapper.framework; includeInIndex = 0; path = Pods_TraxyApp.framework; sourceTree = BUILT_PRODUCTS_DIR; };
		E884EF814E2E924FFE6F26B8 /* Pods-TraxyAppTests.release.xcconfig */ = {isa = PBXFileReference; includeInIndex = 1; lastKnownFileType = text.xcconfig; name = "Pods-TraxyAppTests.release.xcconfig"; path = "Target Support Files/Pods-TraxyAppTests/Pods-TraxyAppTests.release.xcconfig"; sourceTree = "<group>"; };
		F35D3C79448B379AA450F7BD /* Pods-TraxyApp-TraxyAppUITests.debug.xcconfig */ = {isa = PBXFileReference; includeInIndex = 1; lastKnownFileType = text.xcconfig; name = "Pods-TraxyApp-TraxyAppUITests.debug.xcconfig"; path = "Target Support Files/Pods-TraxyApp-TraxyAppUITests/Pods-TraxyApp-TraxyAppUITests.debug.xcconfig"; sourceTree = "<group>"; };
		F5B81526E9FB07ED08CFEA5A /* Pods-TraxyApp-TraxyAppUITests.release.xcconfig */ = {isa = PBXFileReference; includeInIndex = 1; lastKnownFileType = text.xcconfig; name = "Pods-TraxyApp-TraxyAppUITests.release.xcconfig"; path = "Target Support Files/Pods-TraxyApp-TraxyAppUITests/Pods-TraxyApp-TraxyAppUITests.release.xcconfig"; sourceTree = "<group>"; };
/* End PBXFileReference section */

/* Begin PBXFrameworksBuildPhase section */
		0CEC9DD624EC45E700B5944C /* Frameworks */ = {
			isa = PBXFrameworksBuildPhase;
			buildActionMask = 2147483647;
			files = (
				9E38DD22259BB0F8001229D8 /* AVFoundation.framework in Frameworks */,
				9E38DD25259BB103001229D8 /* MobileCoreServices.framework in Frameworks */,
				B67B7251164BC2CCDD02DF08 /* Pods_TraxyApp.framework in Frameworks */,
				9E38DD23259BB0F8001229D8 /* AVKit.framework in Frameworks */,
			);
			runOnlyForDeploymentPostprocessing = 0;
		};
		0CEC9DEC24EC45E900B5944C /* Frameworks */ = {
			isa = PBXFrameworksBuildPhase;
			buildActionMask = 2147483647;
			files = (
				231C80B8FA2B2364DD5656EC /* Pods_TraxyAppTests.framework in Frameworks */,
			);
			runOnlyForDeploymentPostprocessing = 0;
		};
		0CEC9DF724EC45E900B5944C /* Frameworks */ = {
			isa = PBXFrameworksBuildPhase;
			buildActionMask = 2147483647;
			files = (
				F7EC29EB572D7A3629220840 /* Pods_TraxyApp_TraxyAppUITests.framework in Frameworks */,
			);
			runOnlyForDeploymentPostprocessing = 0;
		};
/* End PBXFrameworksBuildPhase section */

/* Begin PBXGroup section */
		0CEC9DD024EC45E700B5944C = {
			isa = PBXGroup;
			children = (
				0CEC9DDB24EC45E700B5944C /* TraxyApp */,
				0CEC9DF224EC45E900B5944C /* TraxyAppTests */,
				0CEC9DFD24EC45E900B5944C /* TraxyAppUITests */,
				0CEC9DDA24EC45E700B5944C /* Products */,
				6BADF3C291EF3F512CE72964 /* Pods */,
				450FC966C1A1A96170D1E8FD /* Frameworks */,
			);
			sourceTree = "<group>";
		};
		0CEC9DDA24EC45E700B5944C /* Products */ = {
			isa = PBXGroup;
			children = (
				0CEC9DD924EC45E700B5944C /* TraxyApp.app */,
				0CEC9DEF24EC45E900B5944C /* TraxyAppTests.xctest */,
				0CEC9DFA24EC45E900B5944C /* TraxyAppUITests.xctest */,
			);
			name = Products;
			sourceTree = "<group>";
		};
		0CEC9DDB24EC45E700B5944C /* TraxyApp */ = {
			isa = PBXGroup;
			children = (
				9E0E5465252613AD00A3E405 /* utilities */,
				9E0E545E2524ED3900A3E405 /* model */,
				9E0E544D2524EC5200A3E405 /* views */,
				9E0E54492524E50F00A3E405 /* controllers */,
				0CEC9E1224EC618A00B5944C /* Localizable.strings */,
				9EECF5FB25AA5CA300098B43 /* GoogleService-Info.plist */,
				0CEC9DDC24EC45E700B5944C /* AppDelegate.swift */,
				9E38DD16259B9F4A001229D8 /* GoogleService-Info.plist */,
				9EC20E84252689B500154EC5 /* APIKeys.swift */,
				0CEC9DDE24EC45E700B5944C /* SceneDelegate.swift */,
				0CEC9DEA24EC45E900B5944C /* Info.plist */,
			);
			path = TraxyApp;
			sourceTree = "<group>";
		};
		0CEC9DF224EC45E900B5944C /* TraxyAppTests */ = {
			isa = PBXGroup;
			children = (
				0CEC9DF324EC45E900B5944C /* TraxyAppTests.swift */,
				0CEC9DF524EC45E900B5944C /* Info.plist */,
			);
			path = TraxyAppTests;
			sourceTree = "<group>";
		};
		0CEC9DFD24EC45E900B5944C /* TraxyAppUITests */ = {
			isa = PBXGroup;
			children = (
				0CEC9DFE24EC45E900B5944C /* TraxyAppUITests.swift */,
				0CEC9E0024EC45E900B5944C /* Info.plist */,
			);
			path = TraxyAppUITests;
			sourceTree = "<group>";
		};
		450FC966C1A1A96170D1E8FD /* Frameworks */ = {
			isa = PBXGroup;
			children = (
				9E38DD24259BB103001229D8 /* MobileCoreServices.framework */,
				9E38DD20259BB0F8001229D8 /* AVFoundation.framework */,
				9E38DD21259BB0F8001229D8 /* AVKit.framework */,
				A5EA4D044D8DA5DF936AF916 /* Pods_TraxyApp.framework */,
				3388D722B352630A02E2CCCC /* Pods_TraxyApp_TraxyAppUITests.framework */,
				70D131C165BF05FE59DC00F7 /* Pods_TraxyAppTests.framework */,
			);
			name = Frameworks;
			sourceTree = "<group>";
		};
		6BADF3C291EF3F512CE72964 /* Pods */ = {
			isa = PBXGroup;
			children = (
				24208160B3337DFA763B312B /* Pods-TraxyApp.debug.xcconfig */,
				A1922BE41E95E88709BD80E2 /* Pods-TraxyApp.release.xcconfig */,
				F35D3C79448B379AA450F7BD /* Pods-TraxyApp-TraxyAppUITests.debug.xcconfig */,
				F5B81526E9FB07ED08CFEA5A /* Pods-TraxyApp-TraxyAppUITests.release.xcconfig */,
				02832A9CE7BD2D424007BEF8 /* Pods-TraxyAppTests.debug.xcconfig */,
				E884EF814E2E924FFE6F26B8 /* Pods-TraxyAppTests.release.xcconfig */,
			);
			path = Pods;
			sourceTree = "<group>";
		};
		9E0E54492524E50F00A3E405 /* controllers */ = {
			isa = PBXGroup;
			children = (
				0CEC9E1624EDE0B700B5944C /* MainViewController.swift */,
				0CEC9DE024EC45E700B5944C /* LoginViewController.swift */,
				0CEC9E1824EDE54E00B5944C /* SignUpViewController.swift */,
				0CEC9E1A24EEC70200B5944C /* UIViewController+Validation.swift */,
				9E9104D2251F84FC009BDD4D /* TraxyBaseViewController.swift */,
				9EC20E7F25267DF300154EC5 /* AddJournalViewController.swift */,
				9E38DD1B259BA035001229D8 /* JournalTableViewController.swift */,
				9E38DD4B259BDA76001229D8 /* JournalEntryConfirmationViewController.swift */,
				9E38DDB6259E6D7C001229D8 /* AudioViewController.swift */,
			);
			path = controllers;
			sourceTree = "<group>";
		};
		9E0E544D2524EC5200A3E405 /* views */ = {
			isa = PBXGroup;
			children = (
				0CEC9DE224EC45E700B5944C /* Main.storyboard */,
				9E9104D7251F88BF009BDD4D /* TraxyLoginLabel.swift */,
				9E9104DC251F88EC009BDD4D /* TraxyLoginButton.swift */,
				9E9104E1251F8925009BDD4D /* TraxyLoginTextField.swift */,
				0CEC9DE524EC45E900B5944C /* Assets.xcassets */,
				0CEC9DE724EC45E900B5944C /* LaunchScreen.storyboard */,
				9E0E546C2526429C00A3E405 /* TraxyMainTableViewCell.swift */,
				9E38DD6E259D088C001229D8 /* JournalEntryTableViewCell.swift */,
				9E38DD7E259D2DD4001229D8 /* CardView.swift */,
			);
			path = views;
			sourceTree = "<group>";
		};
		9E0E545E2524ED3900A3E405 /* model */ = {
			isa = PBXGroup;
			children = (
				9E0E54542524ECA400A3E405 /* Journal.swift */,
				9E0E54592524ECD400A3E405 /* JournalModel.swift */,
				9E38DD43259BC0D4001229D8 /* JournalEntry.swift */,
				9EECF63525AA668600098B43 /* TraxyRespository.swift */,
			);
			path = model;
			sourceTree = "<group>";
		};
		9E0E5465252613AD00A3E405 /* utilities */ = {
			isa = PBXGroup;
			children = (
				9E268F01252F663100631095 /* Date+ISO8601.swift */,
			);
			path = utilities;
			sourceTree = "<group>";
		};
/* End PBXGroup section */

/* Begin PBXNativeTarget section */
		0CEC9DD824EC45E700B5944C /* TraxyApp */ = {
			isa = PBXNativeTarget;
			buildConfigurationList = 0CEC9E0324EC45E900B5944C /* Build configuration list for PBXNativeTarget "TraxyApp" */;
			buildPhases = (
				98347E0239D9926A8635A5ED /* [CP] Check Pods Manifest.lock */,
				0CEC9DD524EC45E700B5944C /* Sources */,
				0CEC9DD624EC45E700B5944C /* Frameworks */,
				0CEC9DD724EC45E700B5944C /* Resources */,
				C23CD500527122B8D62ED47A /* [CP] Embed Pods Frameworks */,
				88350C8F9902631A39888819 /* [CP] Copy Pods Resources */,
			);
			buildRules = (
			);
			dependencies = (
			);
			name = TraxyApp;
			productName = TraxyApp;
			productReference = 0CEC9DD924EC45E700B5944C /* TraxyApp.app */;
			productType = "com.apple.product-type.application";
		};
		0CEC9DEE24EC45E900B5944C /* TraxyAppTests */ = {
			isa = PBXNativeTarget;
			buildConfigurationList = 0CEC9E0624EC45E900B5944C /* Build configuration list for PBXNativeTarget "TraxyAppTests" */;
			buildPhases = (
				81A9C39695D50B0E6B08CCCD /* [CP] Check Pods Manifest.lock */,
				0CEC9DEB24EC45E900B5944C /* Sources */,
				0CEC9DEC24EC45E900B5944C /* Frameworks */,
				0CEC9DED24EC45E900B5944C /* Resources */,
			);
			buildRules = (
			);
			dependencies = (
				0CEC9DF124EC45E900B5944C /* PBXTargetDependency */,
			);
			name = TraxyAppTests;
			productName = TraxyAppTests;
			productReference = 0CEC9DEF24EC45E900B5944C /* TraxyAppTests.xctest */;
			productType = "com.apple.product-type.bundle.unit-test";
		};
		0CEC9DF924EC45E900B5944C /* TraxyAppUITests */ = {
			isa = PBXNativeTarget;
			buildConfigurationList = 0CEC9E0924EC45E900B5944C /* Build configuration list for PBXNativeTarget "TraxyAppUITests" */;
			buildPhases = (
				1212BD26E7A3B510CAB4A5D7 /* [CP] Check Pods Manifest.lock */,
				0CEC9DF624EC45E900B5944C /* Sources */,
				0CEC9DF724EC45E900B5944C /* Frameworks */,
				0CEC9DF824EC45E900B5944C /* Resources */,
				D6AB0B7E730B71A2C26495E1 /* [CP] Embed Pods Frameworks */,
				4752120FF424AEFD61602E3C /* [CP] Copy Pods Resources */,
			);
			buildRules = (
			);
			dependencies = (
				0CEC9DFC24EC45E900B5944C /* PBXTargetDependency */,
			);
			name = TraxyAppUITests;
			productName = TraxyAppUITests;
			productReference = 0CEC9DFA24EC45E900B5944C /* TraxyAppUITests.xctest */;
			productType = "com.apple.product-type.bundle.ui-testing";
		};
/* End PBXNativeTarget section */

/* Begin PBXProject section */
		0CEC9DD124EC45E700B5944C /* Project object */ = {
			isa = PBXProject;
			attributes = {
				LastSwiftUpdateCheck = 1160;
				LastUpgradeCheck = 1200;
				ORGANIZATIONNAME = "Jonathan Engelsma";
				TargetAttributes = {
					0CEC9DD824EC45E700B5944C = {
						CreatedOnToolsVersion = 11.6;
					};
					0CEC9DEE24EC45E900B5944C = {
						CreatedOnToolsVersion = 11.6;
						TestTargetID = 0CEC9DD824EC45E700B5944C;
					};
					0CEC9DF924EC45E900B5944C = {
						CreatedOnToolsVersion = 11.6;
						TestTargetID = 0CEC9DD824EC45E700B5944C;
					};
				};
			};
			buildConfigurationList = 0CEC9DD424EC45E700B5944C /* Build configuration list for PBXProject "TraxyApp" */;
			compatibilityVersion = "Xcode 9.3";
			developmentRegion = en;
			hasScannedForEncodings = 0;
			knownRegions = (
				en,
				Base,
				nl,
			);
			mainGroup = 0CEC9DD024EC45E700B5944C;
			productRefGroup = 0CEC9DDA24EC45E700B5944C /* Products */;
			projectDirPath = "";
			projectRoot = "";
			targets = (
				0CEC9DD824EC45E700B5944C /* TraxyApp */,
				0CEC9DEE24EC45E900B5944C /* TraxyAppTests */,
				0CEC9DF924EC45E900B5944C /* TraxyAppUITests */,
			);
		};
/* End PBXProject section */

/* Begin PBXResourcesBuildPhase section */
		0CEC9DD724EC45E700B5944C /* Resources */ = {
			isa = PBXResourcesBuildPhase;
			buildActionMask = 2147483647;
			files = (
				0CEC9DE924EC45E900B5944C /* LaunchScreen.storyboard in Resources */,
				0CEC9E1024EC618A00B5944C /* Localizable.strings in Resources */,
				9E38DD17259B9F4A001229D8 /* GoogleService-Info.plist in Resources */,
				0CEC9DE624EC45E900B5944C /* Assets.xcassets in Resources */,
				0CEC9DE424EC45E700B5944C /* Main.storyboard in Resources */,
			);
			runOnlyForDeploymentPostprocessing = 0;
		};
		0CEC9DED24EC45E900B5944C /* Resources */ = {
			isa = PBXResourcesBuildPhase;
			buildActionMask = 2147483647;
			files = (
			);
			runOnlyForDeploymentPostprocessing = 0;
		};
		0CEC9DF824EC45E900B5944C /* Resources */ = {
			isa = PBXResourcesBuildPhase;
			buildActionMask = 2147483647;
			files = (
			);
			runOnlyForDeploymentPostprocessing = 0;
		};
/* End PBXResourcesBuildPhase section */

/* Begin PBXShellScriptBuildPhase section */
		1212BD26E7A3B510CAB4A5D7 /* [CP] Check Pods Manifest.lock */ = {
			isa = PBXShellScriptBuildPhase;
			buildActionMask = 2147483647;
			files = (
			);
			inputFileListPaths = (
			);
			inputPaths = (
				"${PODS_PODFILE_DIR_PATH}/Podfile.lock",
				"${PODS_ROOT}/Manifest.lock",
			);
			name = "[CP] Check Pods Manifest.lock";
			outputFileListPaths = (
			);
			outputPaths = (
				"$(DERIVED_FILE_DIR)/Pods-TraxyApp-TraxyAppUITests-checkManifestLockResult.txt",
			);
			runOnlyForDeploymentPostprocessing = 0;
			shellPath = /bin/sh;
			shellScript = "diff \"${PODS_PODFILE_DIR_PATH}/Podfile.lock\" \"${PODS_ROOT}/Manifest.lock\" > /dev/null\nif [ $? != 0 ] ; then\n    # print error to STDERR\n    echo \"error: The sandbox is not in sync with the Podfile.lock. Run 'pod install' or update your CocoaPods installation.\" >&2\n    exit 1\nfi\n# This output is used by Xcode 'outputs' to avoid re-running this script phase.\necho \"SUCCESS\" > \"${SCRIPT_OUTPUT_FILE_0}\"\n";
			showEnvVarsInLog = 0;
		};
		4752120FF424AEFD61602E3C /* [CP] Copy Pods Resources */ = {
			isa = PBXShellScriptBuildPhase;
			buildActionMask = 2147483647;
			files = (
			);
			inputFileListPaths = (
				"${PODS_ROOT}/Target Support Files/Pods-TraxyApp-TraxyAppUITests/Pods-TraxyApp-TraxyAppUITests-resources-${CONFIGURATION}-input-files.xcfilelist",
			);
			name = "[CP] Copy Pods Resources";
			outputFileListPaths = (
				"${PODS_ROOT}/Target Support Files/Pods-TraxyApp-TraxyAppUITests/Pods-TraxyApp-TraxyAppUITests-resources-${CONFIGURATION}-output-files.xcfilelist",
			);
			runOnlyForDeploymentPostprocessing = 0;
			shellPath = /bin/sh;
			shellScript = "\"${PODS_ROOT}/Target Support Files/Pods-TraxyApp-TraxyAppUITests/Pods-TraxyApp-TraxyAppUITests-resources.sh\"\n";
			showEnvVarsInLog = 0;
		};
		81A9C39695D50B0E6B08CCCD /* [CP] Check Pods Manifest.lock */ = {
			isa = PBXShellScriptBuildPhase;
			buildActionMask = 2147483647;
			files = (
			);
			inputFileListPaths = (
			);
			inputPaths = (
				"${PODS_PODFILE_DIR_PATH}/Podfile.lock",
				"${PODS_ROOT}/Manifest.lock",
			);
			name = "[CP] Check Pods Manifest.lock";
			outputFileListPaths = (
			);
			outputPaths = (
				"$(DERIVED_FILE_DIR)/Pods-TraxyAppTests-checkManifestLockResult.txt",
			);
			runOnlyForDeploymentPostprocessing = 0;
			shellPath = /bin/sh;
			shellScript = "diff \"${PODS_PODFILE_DIR_PATH}/Podfile.lock\" \"${PODS_ROOT}/Manifest.lock\" > /dev/null\nif [ $? != 0 ] ; then\n    # print error to STDERR\n    echo \"error: The sandbox is not in sync with the Podfile.lock. Run 'pod install' or update your CocoaPods installation.\" >&2\n    exit 1\nfi\n# This output is used by Xcode 'outputs' to avoid re-running this script phase.\necho \"SUCCESS\" > \"${SCRIPT_OUTPUT_FILE_0}\"\n";
			showEnvVarsInLog = 0;
		};
		88350C8F9902631A39888819 /* [CP] Copy Pods Resources */ = {
			isa = PBXShellScriptBuildPhase;
			buildActionMask = 2147483647;
			files = (
			);
			inputFileListPaths = (
				"${PODS_ROOT}/Target Support Files/Pods-TraxyApp/Pods-TraxyApp-resources-${CONFIGURATION}-input-files.xcfilelist",
			);
			name = "[CP] Copy Pods Resources";
			outputFileListPaths = (
				"${PODS_ROOT}/Target Support Files/Pods-TraxyApp/Pods-TraxyApp-resources-${CONFIGURATION}-output-files.xcfilelist",
			);
			runOnlyForDeploymentPostprocessing = 0;
			shellPath = /bin/sh;
			shellScript = "\"${PODS_ROOT}/Target Support Files/Pods-TraxyApp/Pods-TraxyApp-resources.sh\"\n";
			showEnvVarsInLog = 0;
		};
		98347E0239D9926A8635A5ED /* [CP] Check Pods Manifest.lock */ = {
			isa = PBXShellScriptBuildPhase;
			buildActionMask = 2147483647;
			files = (
			);
			inputFileListPaths = (
			);
			inputPaths = (
				"${PODS_PODFILE_DIR_PATH}/Podfile.lock",
				"${PODS_ROOT}/Manifest.lock",
			);
			name = "[CP] Check Pods Manifest.lock";
			outputFileListPaths = (
			);
			outputPaths = (
				"$(DERIVED_FILE_DIR)/Pods-TraxyApp-checkManifestLockResult.txt",
			);
			runOnlyForDeploymentPostprocessing = 0;
			shellPath = /bin/sh;
			shellScript = "diff \"${PODS_PODFILE_DIR_PATH}/Podfile.lock\" \"${PODS_ROOT}/Manifest.lock\" > /dev/null\nif [ $? != 0 ] ; then\n    # print error to STDERR\n    echo \"error: The sandbox is not in sync with the Podfile.lock. Run 'pod install' or update your CocoaPods installation.\" >&2\n    exit 1\nfi\n# This output is used by Xcode 'outputs' to avoid re-running this script phase.\necho \"SUCCESS\" > \"${SCRIPT_OUTPUT_FILE_0}\"\n";
			showEnvVarsInLog = 0;
		};
		C23CD500527122B8D62ED47A /* [CP] Embed Pods Frameworks */ = {
			isa = PBXShellScriptBuildPhase;
			buildActionMask = 2147483647;
			files = (
			);
			inputFileListPaths = (
				"${PODS_ROOT}/Target Support Files/Pods-TraxyApp/Pods-TraxyApp-frameworks-${CONFIGURATION}-input-files.xcfilelist",
			);
			name = "[CP] Embed Pods Frameworks";
			outputFileListPaths = (
				"${PODS_ROOT}/Target Support Files/Pods-TraxyApp/Pods-TraxyApp-frameworks-${CONFIGURATION}-output-files.xcfilelist",
			);
			runOnlyForDeploymentPostprocessing = 0;
			shellPath = /bin/sh;
			shellScript = "\"${PODS_ROOT}/Target Support Files/Pods-TraxyApp/Pods-TraxyApp-frameworks.sh\"\n";
			showEnvVarsInLog = 0;
		};
		D6AB0B7E730B71A2C26495E1 /* [CP] Embed Pods Frameworks */ = {
			isa = PBXShellScriptBuildPhase;
			buildActionMask = 2147483647;
			files = (
			);
			inputFileListPaths = (
				"${PODS_ROOT}/Target Support Files/Pods-TraxyApp-TraxyAppUITests/Pods-TraxyApp-TraxyAppUITests-frameworks-${CONFIGURATION}-input-files.xcfilelist",
			);
			name = "[CP] Embed Pods Frameworks";
			outputFileListPaths = (
				"${PODS_ROOT}/Target Support Files/Pods-TraxyApp-TraxyAppUITests/Pods-TraxyApp-TraxyAppUITests-frameworks-${CONFIGURATION}-output-files.xcfilelist",
			);
			runOnlyForDeploymentPostprocessing = 0;
			shellPath = /bin/sh;
			shellScript = "\"${PODS_ROOT}/Target Support Files/Pods-TraxyApp-TraxyAppUITests/Pods-TraxyApp-TraxyAppUITests-frameworks.sh\"\n";
			showEnvVarsInLog = 0;
		};
/* End PBXShellScriptBuildPhase section */

/* Begin PBXSourcesBuildPhase section */
		0CEC9DD524EC45E700B5944C /* Sources */ = {
			isa = PBXSourcesBuildPhase;
			buildActionMask = 2147483647;
			files = (
				9E268F02252F663100631095 /* Date+ISO8601.swift in Sources */,
				0CEC9DE124EC45E700B5944C /* LoginViewController.swift in Sources */,
				9E9104D8251F88BF009BDD4D /* TraxyLoginLabel.swift in Sources */,
				0CEC9DDD24EC45E700B5944C /* AppDelegate.swift in Sources */,
				0CEC9DDF24EC45E700B5944C /* SceneDelegate.swift in Sources */,
				9EC20E8025267DF300154EC5 /* AddJournalViewController.swift in Sources */,
				9E38DD44259BC0D4001229D8 /* JournalEntry.swift in Sources */,
				9E9104E2251F8925009BDD4D /* TraxyLoginTextField.swift in Sources */,
				9E38DD4C259BDA76001229D8 /* JournalEntryConfirmationViewController.swift in Sources */,
				9E38DD1C259BA035001229D8 /* JournalTableViewController.swift in Sources */,
				9E38DD6F259D088C001229D8 /* JournalEntryTableViewCell.swift in Sources */,
				9EC20E85252689B500154EC5 /* APIKeys.swift in Sources */,
				9E9104DD251F88EC009BDD4D /* TraxyLoginButton.swift in Sources */,
				0CEC9E1B24EEC70300B5944C /* UIViewController+Validation.swift in Sources */,
				9E0E54552524ECA400A3E405 /* Journal.swift in Sources */,
				0CEC9E1724EDE0B700B5944C /* MainViewController.swift in Sources */,
				9E0E545A2524ECD400A3E405 /* JournalModel.swift in Sources */,
				0CEC9E1924EDE54E00B5944C /* SignUpViewController.swift in Sources */,
				9EECF63625AA668600098B43 /* TraxyRespository.swift in Sources */,
				9E0E546D2526429C00A3E405 /* TraxyMainTableViewCell.swift in Sources */,
				9E38DDB7259E6D7C001229D8 /* AudioViewController.swift in Sources */,
				9E38DD7F259D2DD4001229D8 /* CardView.swift in Sources */,
				9E9104D3251F84FC009BDD4D /* TraxyBaseViewController.swift in Sources */,
			);
			runOnlyForDeploymentPostprocessing = 0;
		};
		0CEC9DEB24EC45E900B5944C /* Sources */ = {
			isa = PBXSourcesBuildPhase;
			buildActionMask = 2147483647;
			files = (
				0CEC9DF424EC45E900B5944C /* TraxyAppTests.swift in Sources */,
			);
			runOnlyForDeploymentPostprocessing = 0;
		};
		0CEC9DF624EC45E900B5944C /* Sources */ = {
			isa = PBXSourcesBuildPhase;
			buildActionMask = 2147483647;
			files = (
				0CEC9DFF24EC45E900B5944C /* TraxyAppUITests.swift in Sources */,
			);
			runOnlyForDeploymentPostprocessing = 0;
		};
/* End PBXSourcesBuildPhase section */

/* Begin PBXTargetDependency section */
		0CEC9DF124EC45E900B5944C /* PBXTargetDependency */ = {
			isa = PBXTargetDependency;
			target = 0CEC9DD824EC45E700B5944C /* TraxyApp */;
			targetProxy = 0CEC9DF024EC45E900B5944C /* PBXContainerItemProxy */;
		};
		0CEC9DFC24EC45E900B5944C /* PBXTargetDependency */ = {
			isa = PBXTargetDependency;
			target = 0CEC9DD824EC45E700B5944C /* TraxyApp */;
			targetProxy = 0CEC9DFB24EC45E900B5944C /* PBXContainerItemProxy */;
		};
/* End PBXTargetDependency section */

/* Begin PBXVariantGroup section */
		0CEC9DE224EC45E700B5944C /* Main.storyboard */ = {
			isa = PBXVariantGroup;
			children = (
				0CEC9DE324EC45E700B5944C /* Base */,
				0CEC9E0C24EC555100B5944C /* nl */,
			);
			name = Main.storyboard;
			sourceTree = "<group>";
		};
		0CEC9DE724EC45E900B5944C /* LaunchScreen.storyboard */ = {
			isa = PBXVariantGroup;
			children = (
				0CEC9DE824EC45E900B5944C /* Base */,
				0CEC9E0D24EC555100B5944C /* nl */,
			);
			name = LaunchScreen.storyboard;
			sourceTree = "<group>";
		};
		0CEC9E1224EC618A00B5944C /* Localizable.strings */ = {
			isa = PBXVariantGroup;
			children = (
				0CEC9E1124EC618A00B5944C /* nl */,
				0CEC9E1324EC619400B5944C /* en */,
			);
			name = Localizable.strings;
			sourceTree = "<group>";
		};
/* End PBXVariantGroup section */

/* Begin XCBuildConfiguration section */
		0CEC9E0124EC45E900B5944C /* Debug */ = {
			isa = XCBuildConfiguration;
			buildSettings = {
				ALWAYS_SEARCH_USER_PATHS = NO;
				CLANG_ANALYZER_LOCALIZABILITY_NONLOCALIZED = YES;
				CLANG_ANALYZER_NONNULL = YES;
				CLANG_ANALYZER_NUMBER_OBJECT_CONVERSION = YES_AGGRESSIVE;
				CLANG_CXX_LANGUAGE_STANDARD = "gnu++14";
				CLANG_CXX_LIBRARY = "libc++";
				CLANG_ENABLE_MODULES = YES;
				CLANG_ENABLE_OBJC_ARC = YES;
				CLANG_ENABLE_OBJC_WEAK = YES;
				CLANG_WARN_BLOCK_CAPTURE_AUTORELEASING = YES;
				CLANG_WARN_BOOL_CONVERSION = YES;
				CLANG_WARN_COMMA = YES;
				CLANG_WARN_CONSTANT_CONVERSION = YES;
				CLANG_WARN_DEPRECATED_OBJC_IMPLEMENTATIONS = YES;
				CLANG_WARN_DIRECT_OBJC_ISA_USAGE = YES_ERROR;
				CLANG_WARN_DOCUMENTATION_COMMENTS = YES;
				CLANG_WARN_EMPTY_BODY = YES;
				CLANG_WARN_ENUM_CONVERSION = YES;
				CLANG_WARN_INFINITE_RECURSION = YES;
				CLANG_WARN_INT_CONVERSION = YES;
				CLANG_WARN_NON_LITERAL_NULL_CONVERSION = YES;
				CLANG_WARN_OBJC_IMPLICIT_RETAIN_SELF = YES;
				CLANG_WARN_OBJC_LITERAL_CONVERSION = YES;
				CLANG_WARN_OBJC_ROOT_CLASS = YES_ERROR;
				CLANG_WARN_QUOTED_INCLUDE_IN_FRAMEWORK_HEADER = YES;
				CLANG_WARN_RANGE_LOOP_ANALYSIS = YES;
				CLANG_WARN_STRICT_PROTOTYPES = YES;
				CLANG_WARN_SUSPICIOUS_MOVE = YES;
				CLANG_WARN_UNGUARDED_AVAILABILITY = YES_AGGRESSIVE;
				CLANG_WARN_UNREACHABLE_CODE = YES;
				CLANG_WARN__DUPLICATE_METHOD_MATCH = YES;
				COPY_PHASE_STRIP = NO;
				DEBUG_INFORMATION_FORMAT = dwarf;
				ENABLE_STRICT_OBJC_MSGSEND = YES;
				ENABLE_TESTABILITY = YES;
				GCC_C_LANGUAGE_STANDARD = gnu11;
				GCC_DYNAMIC_NO_PIC = NO;
				GCC_NO_COMMON_BLOCKS = YES;
				GCC_OPTIMIZATION_LEVEL = 0;
				GCC_PREPROCESSOR_DEFINITIONS = (
					"DEBUG=1",
					"$(inherited)",
				);
				GCC_WARN_64_TO_32_BIT_CONVERSION = YES;
				GCC_WARN_ABOUT_RETURN_TYPE = YES_ERROR;
				GCC_WARN_UNDECLARED_SELECTOR = YES;
				GCC_WARN_UNINITIALIZED_AUTOS = YES_AGGRESSIVE;
				GCC_WARN_UNUSED_FUNCTION = YES;
				GCC_WARN_UNUSED_VARIABLE = YES;
				IPHONEOS_DEPLOYMENT_TARGET = 13.6;
				MTL_ENABLE_DEBUG_INFO = INCLUDE_SOURCE;
				MTL_FAST_MATH = YES;
				ONLY_ACTIVE_ARCH = YES;
				SDKROOT = iphoneos;
				SWIFT_ACTIVE_COMPILATION_CONDITIONS = DEBUG;
				SWIFT_OPTIMIZATION_LEVEL = "-Onone";
			};
			name = Debug;
		};
		0CEC9E0224EC45E900B5944C /* Release */ = {
			isa = XCBuildConfiguration;
			buildSettings = {
				ALWAYS_SEARCH_USER_PATHS = NO;
				CLANG_ANALYZER_LOCALIZABILITY_NONLOCALIZED = YES;
				CLANG_ANALYZER_NONNULL = YES;
				CLANG_ANALYZER_NUMBER_OBJECT_CONVERSION = YES_AGGRESSIVE;
				CLANG_CXX_LANGUAGE_STANDARD = "gnu++14";
				CLANG_CXX_LIBRARY = "libc++";
				CLANG_ENABLE_MODULES = YES;
				CLANG_ENABLE_OBJC_ARC = YES;
				CLANG_ENABLE_OBJC_WEAK = YES;
				CLANG_WARN_BLOCK_CAPTURE_AUTORELEASING = YES;
				CLANG_WARN_BOOL_CONVERSION = YES;
				CLANG_WARN_COMMA = YES;
				CLANG_WARN_CONSTANT_CONVERSION = YES;
				CLANG_WARN_DEPRECATED_OBJC_IMPLEMENTATIONS = YES;
				CLANG_WARN_DIRECT_OBJC_ISA_USAGE = YES_ERROR;
				CLANG_WARN_DOCUMENTATION_COMMENTS = YES;
				CLANG_WARN_EMPTY_BODY = YES;
				CLANG_WARN_ENUM_CONVERSION = YES;
				CLANG_WARN_INFINITE_RECURSION = YES;
				CLANG_WARN_INT_CONVERSION = YES;
				CLANG_WARN_NON_LITERAL_NULL_CONVERSION = YES;
				CLANG_WARN_OBJC_IMPLICIT_RETAIN_SELF = YES;
				CLANG_WARN_OBJC_LITERAL_CONVERSION = YES;
				CLANG_WARN_OBJC_ROOT_CLASS = YES_ERROR;
				CLANG_WARN_QUOTED_INCLUDE_IN_FRAMEWORK_HEADER = YES;
				CLANG_WARN_RANGE_LOOP_ANALYSIS = YES;
				CLANG_WARN_STRICT_PROTOTYPES = YES;
				CLANG_WARN_SUSPICIOUS_MOVE = YES;
				CLANG_WARN_UNGUARDED_AVAILABILITY = YES_AGGRESSIVE;
				CLANG_WARN_UNREACHABLE_CODE = YES;
				CLANG_WARN__DUPLICATE_METHOD_MATCH = YES;
				COPY_PHASE_STRIP = NO;
				DEBUG_INFORMATION_FORMAT = "dwarf-with-dsym";
				ENABLE_NS_ASSERTIONS = NO;
				ENABLE_STRICT_OBJC_MSGSEND = YES;
				GCC_C_LANGUAGE_STANDARD = gnu11;
				GCC_NO_COMMON_BLOCKS = YES;
				GCC_WARN_64_TO_32_BIT_CONVERSION = YES;
				GCC_WARN_ABOUT_RETURN_TYPE = YES_ERROR;
				GCC_WARN_UNDECLARED_SELECTOR = YES;
				GCC_WARN_UNINITIALIZED_AUTOS = YES_AGGRESSIVE;
				GCC_WARN_UNUSED_FUNCTION = YES;
				GCC_WARN_UNUSED_VARIABLE = YES;
				IPHONEOS_DEPLOYMENT_TARGET = 13.6;
				MTL_ENABLE_DEBUG_INFO = NO;
				MTL_FAST_MATH = YES;
				SDKROOT = iphoneos;
				SWIFT_COMPILATION_MODE = wholemodule;
				SWIFT_OPTIMIZATION_LEVEL = "-O";
				VALIDATE_PRODUCT = YES;
			};
			name = Release;
		};
		0CEC9E0424EC45E900B5944C /* Debug */ = {
			isa = XCBuildConfiguration;
			baseConfigurationReference = 24208160B3337DFA763B312B /* Pods-TraxyApp.debug.xcconfig */;
			buildSettings = {
				ASSETCATALOG_COMPILER_APPICON_NAME = AppIcon;
				CODE_SIGN_STYLE = Automatic;
				DEVELOPMENT_TEAM = 6T3ET24GXR;
				INFOPLIST_FILE = TraxyApp/Info.plist;
				LD_RUNPATH_SEARCH_PATHS = (
					"$(inherited)",
					"@executable_path/Frameworks",
				);
				PRODUCT_BUNDLE_IDENTIFIER = edu.gvsu.cis.TraxyApp;
				PRODUCT_NAME = "$(TARGET_NAME)";
				SWIFT_VERSION = 5.0;
				TARGETED_DEVICE_FAMILY = 1;
			};
			name = Debug;
		};
		0CEC9E0524EC45E900B5944C /* Release */ = {
			isa = XCBuildConfiguration;
			baseConfigurationReference = A1922BE41E95E88709BD80E2 /* Pods-TraxyApp.release.xcconfig */;
			buildSettings = {
				ASSETCATALOG_COMPILER_APPICON_NAME = AppIcon;
				CODE_SIGN_STYLE = Automatic;
				DEVELOPMENT_TEAM = 6T3ET24GXR;
				INFOPLIST_FILE = TraxyApp/Info.plist;
				LD_RUNPATH_SEARCH_PATHS = (
					"$(inherited)",
					"@executable_path/Frameworks",
				);
				PRODUCT_BUNDLE_IDENTIFIER = edu.gvsu.cis.TraxyApp;
				PRODUCT_NAME = "$(TARGET_NAME)";
				SWIFT_VERSION = 5.0;
				TARGETED_DEVICE_FAMILY = 1;
			};
			name = Release;
		};
		0CEC9E0724EC45E900B5944C /* Debug */ = {
			isa = XCBuildConfiguration;
			baseConfigurationReference = 02832A9CE7BD2D424007BEF8 /* Pods-TraxyAppTests.debug.xcconfig */;
			buildSettings = {
				ALWAYS_EMBED_SWIFT_STANDARD_LIBRARIES = YES;
				BUNDLE_LOADER = "$(TEST_HOST)";
				CODE_SIGN_STYLE = Automatic;
				INFOPLIST_FILE = TraxyAppTests/Info.plist;
				IPHONEOS_DEPLOYMENT_TARGET = 13.6;
				LD_RUNPATH_SEARCH_PATHS = (
					"$(inherited)",
					"@executable_path/Frameworks",
					"@loader_path/Frameworks",
				);
				PRODUCT_BUNDLE_IDENTIFIER = edu.gvsu.cis.TraxyAppTests;
				PRODUCT_NAME = "$(TARGET_NAME)";
				SWIFT_VERSION = 5.0;
				TARGETED_DEVICE_FAMILY = "1,2";
				TEST_HOST = "$(BUILT_PRODUCTS_DIR)/TraxyApp.app/TraxyApp";
			};
			name = Debug;
		};
		0CEC9E0824EC45E900B5944C /* Release */ = {
			isa = XCBuildConfiguration;
			baseConfigurationReference = E884EF814E2E924FFE6F26B8 /* Pods-TraxyAppTests.release.xcconfig */;
			buildSettings = {
				ALWAYS_EMBED_SWIFT_STANDARD_LIBRARIES = YES;
				BUNDLE_LOADER = "$(TEST_HOST)";
				CODE_SIGN_STYLE = Automatic;
				INFOPLIST_FILE = TraxyAppTests/Info.plist;
				IPHONEOS_DEPLOYMENT_TARGET = 13.6;
				LD_RUNPATH_SEARCH_PATHS = (
					"$(inherited)",
					"@executable_path/Frameworks",
					"@loader_path/Frameworks",
				);
				PRODUCT_BUNDLE_IDENTIFIER = edu.gvsu.cis.TraxyAppTests;
				PRODUCT_NAME = "$(TARGET_NAME)";
				SWIFT_VERSION = 5.0;
				TARGETED_DEVICE_FAMILY = "1,2";
				TEST_HOST = "$(BUILT_PRODUCTS_DIR)/TraxyApp.app/TraxyApp";
			};
			name = Release;
		};
		0CEC9E0A24EC45E900B5944C /* Debug */ = {
			isa = XCBuildConfiguration;
			baseConfigurationReference = F35D3C79448B379AA450F7BD /* Pods-TraxyApp-TraxyAppUITests.debug.xcconfig */;
			buildSettings = {
				ALWAYS_EMBED_SWIFT_STANDARD_LIBRARIES = YES;
				CODE_SIGN_STYLE = Automatic;
				INFOPLIST_FILE = TraxyAppUITests/Info.plist;
				LD_RUNPATH_SEARCH_PATHS = (
					"$(inherited)",
					"@executable_path/Frameworks",
					"@loader_path/Frameworks",
				);
				PRODUCT_BUNDLE_IDENTIFIER = edu.gvsu.cis.TraxyAppUITests;
				PRODUCT_NAME = "$(TARGET_NAME)";
				SWIFT_VERSION = 5.0;
				TARGETED_DEVICE_FAMILY = "1,2";
				TEST_TARGET_NAME = TraxyApp;
			};
			name = Debug;
		};
		0CEC9E0B24EC45E900B5944C /* Release */ = {
			isa = XCBuildConfiguration;
			baseConfigurationReference = F5B81526E9FB07ED08CFEA5A /* Pods-TraxyApp-TraxyAppUITests.release.xcconfig */;
			buildSettings = {
				ALWAYS_EMBED_SWIFT_STANDARD_LIBRARIES = YES;
				CODE_SIGN_STYLE = Automatic;
				INFOPLIST_FILE = TraxyAppUITests/Info.plist;
				LD_RUNPATH_SEARCH_PATHS = (
					"$(inherited)",
					"@executable_path/Frameworks",
					"@loader_path/Frameworks",
				);
				PRODUCT_BUNDLE_IDENTIFIER = edu.gvsu.cis.TraxyAppUITests;
				PRODUCT_NAME = "$(TARGET_NAME)";
				SWIFT_VERSION = 5.0;
				TARGETED_DEVICE_FAMILY = "1,2";
				TEST_TARGET_NAME = TraxyApp;
			};
			name = Release;
		};
/* End XCBuildConfiguration section */

/* Begin XCConfigurationList section */
		0CEC9DD424EC45E700B5944C /* Build configuration list for PBXProject "TraxyApp" */ = {
			isa = XCConfigurationList;
			buildConfigurations = (
				0CEC9E0124EC45E900B5944C /* Debug */,
				0CEC9E0224EC45E900B5944C /* Release */,
			);
			defaultConfigurationIsVisible = 0;
			defaultConfigurationName = Release;
		};
		0CEC9E0324EC45E900B5944C /* Build configuration list for PBXNativeTarget "TraxyApp" */ = {
			isa = XCConfigurationList;
			buildConfigurations = (
				0CEC9E0424EC45E900B5944C /* Debug */,
				0CEC9E0524EC45E900B5944C /* Release */,
			);
			defaultConfigurationIsVisible = 0;
			defaultConfigurationName = Release;
		};
		0CEC9E0624EC45E900B5944C /* Build configuration list for PBXNativeTarget "TraxyAppTests" */ = {
			isa = XCConfigurationList;
			buildConfigurations = (
				0CEC9E0724EC45E900B5944C /* Debug */,
				0CEC9E0824EC45E900B5944C /* Release */,
			);
			defaultConfigurationIsVisible = 0;
			defaultConfigurationName = Release;
		};
		0CEC9E0924EC45E900B5944C /* Build configuration list for PBXNativeTarget "TraxyAppUITests" */ = {
			isa = XCConfigurationList;
			buildConfigurations = (
				0CEC9E0A24EC45E900B5944C /* Debug */,
				0CEC9E0B24EC45E900B5944C /* Release */,
			);
			defaultConfigurationIsVisible = 0;
			defaultConfigurationName = Release;
		};
/* End XCConfigurationList section */
	};
	rootObject = 0CEC9DD124EC45E700B5944C /* Project object */;
}
